// !$*UTF8*$!
{
	archiveVersion = 1;
	classes = {
	};
	objectVersion = 46;
	objects = {

/* Begin PBXBuildFile section */
		BF6FF5B3195088DF001905AC /* Foundation.framework in Frameworks */ = {isa = PBXBuildFile; fileRef = BF6FF5B2195088DF001905AC /* Foundation.framework */; };
		BF6FF5B5195088DF001905AC /* CoreGraphics.framework in Frameworks */ = {isa = PBXBuildFile; fileRef = BF6FF5B4195088DF001905AC /* CoreGraphics.framework */; };
		BF6FF5B7195088DF001905AC /* UIKit.framework in Frameworks */ = {isa = PBXBuildFile; fileRef = BF6FF5B6195088DF001905AC /* UIKit.framework */; };
		BF6FF5BD195088DF001905AC /* InfoPlist.strings in Resources */ = {isa = PBXBuildFile; fileRef = BF6FF5BB195088DF001905AC /* InfoPlist.strings */; };
		BF6FF5BF195088DF001905AC /* main.m in Sources */ = {isa = PBXBuildFile; fileRef = BF6FF5BE195088DF001905AC /* main.m */; };
		BF6FF5C3195088DF001905AC /* MapTestAppDelegate.m in Sources */ = {isa = PBXBuildFile; fileRef = BF6FF5C2195088DF001905AC /* MapTestAppDelegate.m */; };
		BF6FF5C6195088DF001905AC /* Main.storyboard in Resources */ = {isa = PBXBuildFile; fileRef = BF6FF5C4195088DF001905AC /* Main.storyboard */; };
		BF6FF5C9195088DF001905AC /* MapTestViewController.m in Sources */ = {isa = PBXBuildFile; fileRef = BF6FF5C8195088DF001905AC /* MapTestViewController.m */; };
		BF6FF5CB195088DF001905AC /* Images.xcassets in Resources */ = {isa = PBXBuildFile; fileRef = BF6FF5CA195088DF001905AC /* Images.xcassets */; };
		BF6FF5D2195088DF001905AC /* XCTest.framework in Frameworks */ = {isa = PBXBuildFile; fileRef = BF6FF5D1195088DF001905AC /* XCTest.framework */; };
		BF6FF5D3195088DF001905AC /* Foundation.framework in Frameworks */ = {isa = PBXBuildFile; fileRef = BF6FF5B2195088DF001905AC /* Foundation.framework */; };
		BF6FF5D4195088DF001905AC /* UIKit.framework in Frameworks */ = {isa = PBXBuildFile; fileRef = BF6FF5B6195088DF001905AC /* UIKit.framework */; };
		BF6FF5DC195088DF001905AC /* InfoPlist.strings in Resources */ = {isa = PBXBuildFile; fileRef = BF6FF5DA195088DF001905AC /* InfoPlist.strings */; };
		BF6FF5DE195088DF001905AC /* MapTestTests.m in Sources */ = {isa = PBXBuildFile; fileRef = BF6FF5DD195088DF001905AC /* MapTestTests.m */; };
		BF6FF5E81950895F001905AC /* GoogleMaps.framework in Frameworks */ = {isa = PBXBuildFile; fileRef = BF6FF5E71950895F001905AC /* GoogleMaps.framework */; };
		BF6FF5EA1950897A001905AC /* GoogleMaps.bundle in Resources */ = {isa = PBXBuildFile; fileRef = BF6FF5E91950897A001905AC /* GoogleMaps.bundle */; };
		BF6FF5EC195089AE001905AC /* AVFoundation.framework in Frameworks */ = {isa = PBXBuildFile; fileRef = BF6FF5EB195089AE001905AC /* AVFoundation.framework */; };
		BF6FF5EE195089B3001905AC /* CoreData.framework in Frameworks */ = {isa = PBXBuildFile; fileRef = BF6FF5ED195089B3001905AC /* CoreData.framework */; };
		BF6FF5F0195089BB001905AC /* CoreLocation.framework in Frameworks */ = {isa = PBXBuildFile; fileRef = BF6FF5EF195089BB001905AC /* CoreLocation.framework */; };
		BF6FF5F2195089C2001905AC /* CoreText.framework in Frameworks */ = {isa = PBXBuildFile; fileRef = BF6FF5F1195089C2001905AC /* CoreText.framework */; };
		BF6FF5F4195089C8001905AC /* GLKit.framework in Frameworks */ = {isa = PBXBuildFile; fileRef = BF6FF5F3195089C8001905AC /* GLKit.framework */; };
		BF6FF5F6195089CE001905AC /* ImageIO.framework in Frameworks */ = {isa = PBXBuildFile; fileRef = BF6FF5F5195089CE001905AC /* ImageIO.framework */; };
		BF6FF5F8195089DE001905AC /* libc++.dylib in Frameworks */ = {isa = PBXBuildFile; fileRef = BF6FF5F7195089DE001905AC /* libc++.dylib */; };
		BF6FF5FA195089EB001905AC /* libicucore.dylib in Frameworks */ = {isa = PBXBuildFile; fileRef = BF6FF5F9195089EB001905AC /* libicucore.dylib */; };
		BF6FF5FC195089FE001905AC /* libz.dylib in Frameworks */ = {isa = PBXBuildFile; fileRef = BF6FF5FB195089FE001905AC /* libz.dylib */; };
		BF6FF5FE19508A05001905AC /* OpenGLES.framework in Frameworks */ = {isa = PBXBuildFile; fileRef = BF6FF5FD19508A05001905AC /* OpenGLES.framework */; };
		BF6FF60019508A13001905AC /* QuartzCore.framework in Frameworks */ = {isa = PBXBuildFile; fileRef = BF6FF5FF19508A13001905AC /* QuartzCore.framework */; };
		BF6FF60219508A1C001905AC /* SystemConfiguration.framework in Frameworks */ = {isa = PBXBuildFile; fileRef = BF6FF60119508A1C001905AC /* SystemConfiguration.framework */; };
		BF6FF6051958CA91001905AC /* PropMeli.m in Sources */ = {isa = PBXBuildFile; fileRef = BF6FF6041958CA91001905AC /* PropMeli.m */; };
		BF6FF608195A1C90001905AC /* Default-568h@2x.png in Resources */ = {isa = PBXBuildFile; fileRef = BF6FF606195A1C90001905AC /* Default-568h@2x.png */; };
		BF6FF609195A1C90001905AC /* Default@2x.png in Resources */ = {isa = PBXBuildFile; fileRef = BF6FF607195A1C90001905AC /* Default@2x.png */; };
		BFC87164195C810E0007D662 /* VistaMapaViewController.m in Sources */ = {isa = PBXBuildFile; fileRef = BFC87163195C810E0007D662 /* VistaMapaViewController.m */; };
		BFC87167195CD24B0007D662 /* UnidadGeografica.m in Sources */ = {isa = PBXBuildFile; fileRef = BFC87166195CD24B0007D662 /* UnidadGeografica.m */; };
		BFC8716A195DA7160007D662 /* ListadoPropiedadesViewController.m in Sources */ = {isa = PBXBuildFile; fileRef = BFC87169195DA7160007D662 /* ListadoPropiedadesViewController.m */; };
/* End PBXBuildFile section */

/* Begin PBXContainerItemProxy section */
		BF6FF5D5195088DF001905AC /* PBXContainerItemProxy */ = {
			isa = PBXContainerItemProxy;
			containerPortal = BF6FF5A7195088DF001905AC /* Project object */;
			proxyType = 1;
			remoteGlobalIDString = BF6FF5AE195088DF001905AC;
			remoteInfo = MapTest;
		};
/* End PBXContainerItemProxy section */

/* Begin PBXFileReference section */
		BF6FF5AF195088DF001905AC /* MapTest.app */ = {isa = PBXFileReference; explicitFileType = wrapper.application; includeInIndex = 0; path = MapTest.app; sourceTree = BUILT_PRODUCTS_DIR; };
		BF6FF5B2195088DF001905AC /* Foundation.framework */ = {isa = PBXFileReference; lastKnownFileType = wrapper.framework; name = Foundation.framework; path = System/Library/Frameworks/Foundation.framework; sourceTree = SDKROOT; };
		BF6FF5B4195088DF001905AC /* CoreGraphics.framework */ = {isa = PBXFileReference; lastKnownFileType = wrapper.framework; name = CoreGraphics.framework; path = System/Library/Frameworks/CoreGraphics.framework; sourceTree = SDKROOT; };
		BF6FF5B6195088DF001905AC /* UIKit.framework */ = {isa = PBXFileReference; lastKnownFileType = wrapper.framework; name = UIKit.framework; path = System/Library/Frameworks/UIKit.framework; sourceTree = SDKROOT; };
		BF6FF5BA195088DF001905AC /* MapTest-Info.plist */ = {isa = PBXFileReference; lastKnownFileType = text.plist.xml; path = "MapTest-Info.plist"; sourceTree = "<group>"; };
		BF6FF5BC195088DF001905AC /* en */ = {isa = PBXFileReference; lastKnownFileType = text.plist.strings; name = en; path = en.lproj/InfoPlist.strings; sourceTree = "<group>"; };
		BF6FF5BE195088DF001905AC /* main.m */ = {isa = PBXFileReference; lastKnownFileType = sourcecode.c.objc; path = main.m; sourceTree = "<group>"; };
		BF6FF5C0195088DF001905AC /* MapTest-Prefix.pch */ = {isa = PBXFileReference; lastKnownFileType = sourcecode.c.h; path = "MapTest-Prefix.pch"; sourceTree = "<group>"; };
		BF6FF5C1195088DF001905AC /* MapTestAppDelegate.h */ = {isa = PBXFileReference; lastKnownFileType = sourcecode.c.h; path = MapTestAppDelegate.h; sourceTree = "<group>"; };
		BF6FF5C2195088DF001905AC /* MapTestAppDelegate.m */ = {isa = PBXFileReference; lastKnownFileType = sourcecode.c.objc; path = MapTestAppDelegate.m; sourceTree = "<group>"; };
		BF6FF5C5195088DF001905AC /* Base */ = {isa = PBXFileReference; lastKnownFileType = file.storyboard; name = Base; path = Base.lproj/Main.storyboard; sourceTree = "<group>"; };
		BF6FF5C7195088DF001905AC /* MapTestViewController.h */ = {isa = PBXFileReference; lastKnownFileType = sourcecode.c.h; path = MapTestViewController.h; sourceTree = "<group>"; };
		BF6FF5C8195088DF001905AC /* MapTestViewController.m */ = {isa = PBXFileReference; lastKnownFileType = sourcecode.c.objc; path = MapTestViewController.m; sourceTree = "<group>"; };
		BF6FF5CA195088DF001905AC /* Images.xcassets */ = {isa = PBXFileReference; lastKnownFileType = folder.assetcatalog; path = Images.xcassets; sourceTree = "<group>"; };
		BF6FF5D0195088DF001905AC /* MapTestTests.xctest */ = {isa = PBXFileReference; explicitFileType = wrapper.cfbundle; includeInIndex = 0; path = MapTestTests.xctest; sourceTree = BUILT_PRODUCTS_DIR; };
		BF6FF5D1195088DF001905AC /* XCTest.framework */ = {isa = PBXFileReference; lastKnownFileType = wrapper.framework; name = XCTest.framework; path = Library/Frameworks/XCTest.framework; sourceTree = DEVELOPER_DIR; };
		BF6FF5D9195088DF001905AC /* MapTestTests-Info.plist */ = {isa = PBXFileReference; lastKnownFileType = text.plist.xml; path = "MapTestTests-Info.plist"; sourceTree = "<group>"; };
		BF6FF5DB195088DF001905AC /* en */ = {isa = PBXFileReference; lastKnownFileType = text.plist.strings; name = en; path = en.lproj/InfoPlist.strings; sourceTree = "<group>"; };
		BF6FF5DD195088DF001905AC /* MapTestTests.m */ = {isa = PBXFileReference; lastKnownFileType = sourcecode.c.objc; path = MapTestTests.m; sourceTree = "<group>"; };
		BF6FF5E71950895F001905AC /* GoogleMaps.framework */ = {isa = PBXFileReference; lastKnownFileType = wrapper.framework; path = GoogleMaps.framework; sourceTree = "<group>"; };
		BF6FF5E91950897A001905AC /* GoogleMaps.bundle */ = {isa = PBXFileReference; lastKnownFileType = "wrapper.plug-in"; name = GoogleMaps.bundle; path = GoogleMaps.framework/Versions/A/Resources/GoogleMaps.bundle; sourceTree = "<group>"; };
		BF6FF5EB195089AE001905AC /* AVFoundation.framework */ = {isa = PBXFileReference; lastKnownFileType = wrapper.framework; name = AVFoundation.framework; path = System/Library/Frameworks/AVFoundation.framework; sourceTree = SDKROOT; };
		BF6FF5ED195089B3001905AC /* CoreData.framework */ = {isa = PBXFileReference; lastKnownFileType = wrapper.framework; name = CoreData.framework; path = System/Library/Frameworks/CoreData.framework; sourceTree = SDKROOT; };
		BF6FF5EF195089BB001905AC /* CoreLocation.framework */ = {isa = PBXFileReference; lastKnownFileType = wrapper.framework; name = CoreLocation.framework; path = System/Library/Frameworks/CoreLocation.framework; sourceTree = SDKROOT; };
		BF6FF5F1195089C2001905AC /* CoreText.framework */ = {isa = PBXFileReference; lastKnownFileType = wrapper.framework; name = CoreText.framework; path = System/Library/Frameworks/CoreText.framework; sourceTree = SDKROOT; };
		BF6FF5F3195089C8001905AC /* GLKit.framework */ = {isa = PBXFileReference; lastKnownFileType = wrapper.framework; name = GLKit.framework; path = System/Library/Frameworks/GLKit.framework; sourceTree = SDKROOT; };
		BF6FF5F5195089CE001905AC /* ImageIO.framework */ = {isa = PBXFileReference; lastKnownFileType = wrapper.framework; name = ImageIO.framework; path = System/Library/Frameworks/ImageIO.framework; sourceTree = SDKROOT; };
		BF6FF5F7195089DE001905AC /* libc++.dylib */ = {isa = PBXFileReference; lastKnownFileType = "compiled.mach-o.dylib"; name = "libc++.dylib"; path = "usr/lib/libc++.dylib"; sourceTree = SDKROOT; };
		BF6FF5F9195089EB001905AC /* libicucore.dylib */ = {isa = PBXFileReference; lastKnownFileType = "compiled.mach-o.dylib"; name = libicucore.dylib; path = usr/lib/libicucore.dylib; sourceTree = SDKROOT; };
		BF6FF5FB195089FE001905AC /* libz.dylib */ = {isa = PBXFileReference; lastKnownFileType = "compiled.mach-o.dylib"; name = libz.dylib; path = usr/lib/libz.dylib; sourceTree = SDKROOT; };
		BF6FF5FD19508A05001905AC /* OpenGLES.framework */ = {isa = PBXFileReference; lastKnownFileType = wrapper.framework; name = OpenGLES.framework; path = System/Library/Frameworks/OpenGLES.framework; sourceTree = SDKROOT; };
		BF6FF5FF19508A13001905AC /* QuartzCore.framework */ = {isa = PBXFileReference; lastKnownFileType = wrapper.framework; name = QuartzCore.framework; path = System/Library/Frameworks/QuartzCore.framework; sourceTree = SDKROOT; };
		BF6FF60119508A1C001905AC /* SystemConfiguration.framework */ = {isa = PBXFileReference; lastKnownFileType = wrapper.framework; name = SystemConfiguration.framework; path = System/Library/Frameworks/SystemConfiguration.framework; sourceTree = SDKROOT; };
		BF6FF6031958CA91001905AC /* PropMeli.h */ = {isa = PBXFileReference; fileEncoding = 4; lastKnownFileType = sourcecode.c.h; path = PropMeli.h; sourceTree = "<group>"; };
		BF6FF6041958CA91001905AC /* PropMeli.m */ = {isa = PBXFileReference; fileEncoding = 4; lastKnownFileType = sourcecode.c.objc; path = PropMeli.m; sourceTree = "<group>"; };
		BF6FF606195A1C90001905AC /* Default-568h@2x.png */ = {isa = PBXFileReference; lastKnownFileType = image.png; path = "Default-568h@2x.png"; sourceTree = "<group>"; };
		BF6FF607195A1C90001905AC /* Default@2x.png */ = {isa = PBXFileReference; lastKnownFileType = image.png; path = "Default@2x.png"; sourceTree = "<group>"; };
		BFC87162195C810E0007D662 /* VistaMapaViewController.h */ = {isa = PBXFileReference; fileEncoding = 4; lastKnownFileType = sourcecode.c.h; path = VistaMapaViewController.h; sourceTree = "<group>"; };
		BFC87163195C810E0007D662 /* VistaMapaViewController.m */ = {isa = PBXFileReference; fileEncoding = 4; lastKnownFileType = sourcecode.c.objc; path = VistaMapaViewController.m; sourceTree = "<group>"; };
		BFC87165195CD24B0007D662 /* UnidadGeografica.h */ = {isa = PBXFileReference; fileEncoding = 4; lastKnownFileType = sourcecode.c.h; path = UnidadGeografica.h; sourceTree = "<group>"; };
		BFC87166195CD24B0007D662 /* UnidadGeografica.m */ = {isa = PBXFileReference; fileEncoding = 4; lastKnownFileType = sourcecode.c.objc; path = UnidadGeografica.m; sourceTree = "<group>"; };
		BFC87168195DA7160007D662 /* ListadoPropiedadesViewController.h */ = {isa = PBXFileReference; fileEncoding = 4; lastKnownFileType = sourcecode.c.h; path = ListadoPropiedadesViewController.h; sourceTree = "<group>"; };
		BFC87169195DA7160007D662 /* ListadoPropiedadesViewController.m */ = {isa = PBXFileReference; fileEncoding = 4; lastKnownFileType = sourcecode.c.objc; path = ListadoPropiedadesViewController.m; sourceTree = "<group>"; };
/* End PBXFileReference section */

/* Begin PBXFrameworksBuildPhase section */
		BF6FF5AC195088DF001905AC /* Frameworks */ = {
			isa = PBXFrameworksBuildPhase;
			buildActionMask = 2147483647;
			files = (
				BF6FF60219508A1C001905AC /* SystemConfiguration.framework in Frameworks */,
				BF6FF60019508A13001905AC /* QuartzCore.framework in Frameworks */,
				BF6FF5FE19508A05001905AC /* OpenGLES.framework in Frameworks */,
				BF6FF5FC195089FE001905AC /* libz.dylib in Frameworks */,
				BF6FF5FA195089EB001905AC /* libicucore.dylib in Frameworks */,
				BF6FF5F8195089DE001905AC /* libc++.dylib in Frameworks */,
				BF6FF5F6195089CE001905AC /* ImageIO.framework in Frameworks */,
				BF6FF5F4195089C8001905AC /* GLKit.framework in Frameworks */,
				BF6FF5F2195089C2001905AC /* CoreText.framework in Frameworks */,
				BF6FF5F0195089BB001905AC /* CoreLocation.framework in Frameworks */,
				BF6FF5EE195089B3001905AC /* CoreData.framework in Frameworks */,
				BF6FF5EC195089AE001905AC /* AVFoundation.framework in Frameworks */,
				BF6FF5B5195088DF001905AC /* CoreGraphics.framework in Frameworks */,
				BF6FF5B7195088DF001905AC /* UIKit.framework in Frameworks */,
				BF6FF5E81950895F001905AC /* GoogleMaps.framework in Frameworks */,
				BF6FF5B3195088DF001905AC /* Foundation.framework in Frameworks */,
			);
			runOnlyForDeploymentPostprocessing = 0;
		};
		BF6FF5CD195088DF001905AC /* Frameworks */ = {
			isa = PBXFrameworksBuildPhase;
			buildActionMask = 2147483647;
			files = (
				BF6FF5D2195088DF001905AC /* XCTest.framework in Frameworks */,
				BF6FF5D4195088DF001905AC /* UIKit.framework in Frameworks */,
				BF6FF5D3195088DF001905AC /* Foundation.framework in Frameworks */,
			);
			runOnlyForDeploymentPostprocessing = 0;
		};
/* End PBXFrameworksBuildPhase section */

/* Begin PBXGroup section */
		BF6FF5A6195088DF001905AC = {
			isa = PBXGroup;
			children = (
				BF6FF5B8195088DF001905AC /* MapTest */,
				BF6FF5D7195088DF001905AC /* MapTestTests */,
				BF6FF5B1195088DF001905AC /* Frameworks */,
				BF6FF5B0195088DF001905AC /* Products */,
			);
			sourceTree = "<group>";
		};
		BF6FF5B0195088DF001905AC /* Products */ = {
			isa = PBXGroup;
			children = (
				BF6FF5AF195088DF001905AC /* MapTest.app */,
				BF6FF5D0195088DF001905AC /* MapTestTests.xctest */,
			);
			name = Products;
			sourceTree = "<group>";
		};
		BF6FF5B1195088DF001905AC /* Frameworks */ = {
			isa = PBXGroup;
			children = (
				BF6FF60119508A1C001905AC /* SystemConfiguration.framework */,
				BF6FF5FF19508A13001905AC /* QuartzCore.framework */,
				BF6FF5FD19508A05001905AC /* OpenGLES.framework */,
				BF6FF5FB195089FE001905AC /* libz.dylib */,
				BF6FF5F9195089EB001905AC /* libicucore.dylib */,
				BF6FF5F7195089DE001905AC /* libc++.dylib */,
				BF6FF5F5195089CE001905AC /* ImageIO.framework */,
				BF6FF5F3195089C8001905AC /* GLKit.framework */,
				BF6FF5F1195089C2001905AC /* CoreText.framework */,
				BF6FF5EF195089BB001905AC /* CoreLocation.framework */,
				BF6FF5ED195089B3001905AC /* CoreData.framework */,
				BF6FF5EB195089AE001905AC /* AVFoundation.framework */,
				BF6FF5E91950897A001905AC /* GoogleMaps.bundle */,
				BF6FF5E71950895F001905AC /* GoogleMaps.framework */,
				BF6FF5B2195088DF001905AC /* Foundation.framework */,
				BF6FF5B4195088DF001905AC /* CoreGraphics.framework */,
				BF6FF5B6195088DF001905AC /* UIKit.framework */,
				BF6FF5D1195088DF001905AC /* XCTest.framework */,
			);
			name = Frameworks;
			sourceTree = "<group>";
		};
		BF6FF5B8195088DF001905AC /* MapTest */ = {
			isa = PBXGroup;
			children = (
				BF6FF5C1195088DF001905AC /* MapTestAppDelegate.h */,
				BF6FF5C2195088DF001905AC /* MapTestAppDelegate.m */,
				BF6FF5C4195088DF001905AC /* Main.storyboard */,
				BFC87168195DA7160007D662 /* ListadoPropiedadesViewController.h */,
				BFC87169195DA7160007D662 /* ListadoPropiedadesViewController.m */,
				BFC87162195C810E0007D662 /* VistaMapaViewController.h */,
				BFC87163195C810E0007D662 /* VistaMapaViewController.m */,
				BF6FF5C7195088DF001905AC /* MapTestViewController.h */,
				BF6FF5C8195088DF001905AC /* MapTestViewController.m */,
				BF6FF5CA195088DF001905AC /* Images.xcassets */,
				BF6FF5B9195088DF001905AC /* Supporting Files */,
				BF6FF6031958CA91001905AC /* PropMeli.h */,
				BF6FF6041958CA91001905AC /* PropMeli.m */,
				BFC87165195CD24B0007D662 /* UnidadGeografica.h */,
				BFC87166195CD24B0007D662 /* UnidadGeografica.m */,
			);
			path = MapTest;
			sourceTree = "<group>";
		};
		BF6FF5B9195088DF001905AC /* Supporting Files */ = {
			isa = PBXGroup;
			children = (
				BF6FF606195A1C90001905AC /* Default-568h@2x.png */,
				BF6FF607195A1C90001905AC /* Default@2x.png */,
				BF6FF5BA195088DF001905AC /* MapTest-Info.plist */,
				BF6FF5BB195088DF001905AC /* InfoPlist.strings */,
				BF6FF5BE195088DF001905AC /* main.m */,
				BF6FF5C0195088DF001905AC /* MapTest-Prefix.pch */,
			);
			name = "Supporting Files";
			sourceTree = "<group>";
		};
		BF6FF5D7195088DF001905AC /* MapTestTests */ = {
			isa = PBXGroup;
			children = (
				BF6FF5DD195088DF001905AC /* MapTestTests.m */,
				BF6FF5D8195088DF001905AC /* Supporting Files */,
			);
			path = MapTestTests;
			sourceTree = "<group>";
		};
		BF6FF5D8195088DF001905AC /* Supporting Files */ = {
			isa = PBXGroup;
			children = (
				BF6FF5D9195088DF001905AC /* MapTestTests-Info.plist */,
				BF6FF5DA195088DF001905AC /* InfoPlist.strings */,
			);
			name = "Supporting Files";
			sourceTree = "<group>";
		};
/* End PBXGroup section */

/* Begin PBXNativeTarget section */
		BF6FF5AE195088DF001905AC /* MapTest */ = {
			isa = PBXNativeTarget;
			buildConfigurationList = BF6FF5E1195088DF001905AC /* Build configuration list for PBXNativeTarget "MapTest" */;
			buildPhases = (
				BF6FF5AB195088DF001905AC /* Sources */,
				BF6FF5AC195088DF001905AC /* Frameworks */,
				BF6FF5AD195088DF001905AC /* Resources */,
			);
			buildRules = (
			);
			dependencies = (
			);
			name = MapTest;
			productName = MapTest;
			productReference = BF6FF5AF195088DF001905AC /* MapTest.app */;
			productType = "com.apple.product-type.application";
		};
		BF6FF5CF195088DF001905AC /* MapTestTests */ = {
			isa = PBXNativeTarget;
			buildConfigurationList = BF6FF5E4195088DF001905AC /* Build configuration list for PBXNativeTarget "MapTestTests" */;
			buildPhases = (
				BF6FF5CC195088DF001905AC /* Sources */,
				BF6FF5CD195088DF001905AC /* Frameworks */,
				BF6FF5CE195088DF001905AC /* Resources */,
			);
			buildRules = (
			);
			dependencies = (
				BF6FF5D6195088DF001905AC /* PBXTargetDependency */,
			);
			name = MapTestTests;
			productName = MapTestTests;
			productReference = BF6FF5D0195088DF001905AC /* MapTestTests.xctest */;
			productType = "com.apple.product-type.bundle.unit-test";
		};
/* End PBXNativeTarget section */

/* Begin PBXProject section */
		BF6FF5A7195088DF001905AC /* Project object */ = {
			isa = PBXProject;
			attributes = {
				CLASSPREFIX = MapTest;
				LastUpgradeCheck = 0510;
				ORGANIZATIONNAME = Chirimoyos;
				TargetAttributes = {
					BF6FF5CF195088DF001905AC = {
						TestTargetID = BF6FF5AE195088DF001905AC;
					};
				};
			};
			buildConfigurationList = BF6FF5AA195088DF001905AC /* Build configuration list for PBXProject "MapTest" */;
			compatibilityVersion = "Xcode 3.2";
			developmentRegion = English;
			hasScannedForEncodings = 0;
			knownRegions = (
				en,
				Base,
			);
			mainGroup = BF6FF5A6195088DF001905AC;
			productRefGroup = BF6FF5B0195088DF001905AC /* Products */;
			projectDirPath = "";
			projectRoot = "";
			targets = (
				BF6FF5AE195088DF001905AC /* MapTest */,
				BF6FF5CF195088DF001905AC /* MapTestTests */,
			);
		};
/* End PBXProject section */

/* Begin PBXResourcesBuildPhase section */
		BF6FF5AD195088DF001905AC /* Resources */ = {
			isa = PBXResourcesBuildPhase;
			buildActionMask = 2147483647;
			files = (
				BF6FF609195A1C90001905AC /* Default@2x.png in Resources */,
				BF6FF5CB195088DF001905AC /* Images.xcassets in Resources */,
				BF6FF5BD195088DF001905AC /* InfoPlist.strings in Resources */,
				BF6FF5C6195088DF001905AC /* Main.storyboard in Resources */,
				BF6FF608195A1C90001905AC /* Default-568h@2x.png in Resources */,
				BF6FF5EA1950897A001905AC /* GoogleMaps.bundle in Resources */,
			);
			runOnlyForDeploymentPostprocessing = 0;
		};
		BF6FF5CE195088DF001905AC /* Resources */ = {
			isa = PBXResourcesBuildPhase;
			buildActionMask = 2147483647;
			files = (
				BF6FF5DC195088DF001905AC /* InfoPlist.strings in Resources */,
			);
			runOnlyForDeploymentPostprocessing = 0;
		};
/* End PBXResourcesBuildPhase section */

/* Begin PBXSourcesBuildPhase section */
		BF6FF5AB195088DF001905AC /* Sources */ = {
			isa = PBXSourcesBuildPhase;
			buildActionMask = 2147483647;
			files = (
				BFC87164195C810E0007D662 /* VistaMapaViewController.m in Sources */,
				BF6FF5BF195088DF001905AC /* main.m in Sources */,
				BFC8716A195DA7160007D662 /* ListadoPropiedadesViewController.m in Sources */,
				BF6FF6051958CA91001905AC /* PropMeli.m in Sources */,
				BF6FF5C9195088DF001905AC /* MapTestViewController.m in Sources */,
				BFC87167195CD24B0007D662 /* UnidadGeografica.m in Sources */,
				BF6FF5C3195088DF001905AC /* MapTestAppDelegate.m in Sources */,
			);
			runOnlyForDeploymentPostprocessing = 0;
		};
		BF6FF5CC195088DF001905AC /* Sources */ = {
			isa = PBXSourcesBuildPhase;
			buildActionMask = 2147483647;
			files = (
				BF6FF5DE195088DF001905AC /* MapTestTests.m in Sources */,
			);
			runOnlyForDeploymentPostprocessing = 0;
		};
/* End PBXSourcesBuildPhase section */

/* Begin PBXTargetDependency section */
		BF6FF5D6195088DF001905AC /* PBXTargetDependency */ = {
			isa = PBXTargetDependency;
			target = BF6FF5AE195088DF001905AC /* MapTest */;
			targetProxy = BF6FF5D5195088DF001905AC /* PBXContainerItemProxy */;
		};
/* End PBXTargetDependency section */

/* Begin PBXVariantGroup section */
		BF6FF5BB195088DF001905AC /* InfoPlist.strings */ = {
			isa = PBXVariantGroup;
			children = (
				BF6FF5BC195088DF001905AC /* en */,
			);
			name = InfoPlist.strings;
			sourceTree = "<group>";
		};
		BF6FF5C4195088DF001905AC /* Main.storyboard */ = {
			isa = PBXVariantGroup;
			children = (
				BF6FF5C5195088DF001905AC /* Base */,
			);
			name = Main.storyboard;
			sourceTree = "<group>";
		};
		BF6FF5DA195088DF001905AC /* InfoPlist.strings */ = {
			isa = PBXVariantGroup;
			children = (
				BF6FF5DB195088DF001905AC /* en */,
			);
			name = InfoPlist.strings;
			sourceTree = "<group>";
		};
/* End PBXVariantGroup section */

/* Begin XCBuildConfiguration section */
		BF6FF5DF195088DF001905AC /* Debug */ = {
			isa = XCBuildConfiguration;
			buildSettings = {
				ALWAYS_SEARCH_USER_PATHS = NO;
				CLANG_CXX_LANGUAGE_STANDARD = "gnu++0x";
				CLANG_CXX_LIBRARY = "libc++";
				CLANG_ENABLE_MODULES = YES;
				CLANG_ENABLE_OBJC_ARC = YES;
				CLANG_WARN_BOOL_CONVERSION = YES;
				CLANG_WARN_CONSTANT_CONVERSION = YES;
				CLANG_WARN_DIRECT_OBJC_ISA_USAGE = YES_ERROR;
				CLANG_WARN_EMPTY_BODY = YES;
				CLANG_WARN_ENUM_CONVERSION = YES;
				CLANG_WARN_INT_CONVERSION = YES;
				CLANG_WARN_OBJC_ROOT_CLASS = YES_ERROR;
				CLANG_WARN__DUPLICATE_METHOD_MATCH = YES;
				"CODE_SIGN_IDENTITY[sdk=iphoneos*]" = "iPhone Developer";
				COPY_PHASE_STRIP = NO;
				GCC_C_LANGUAGE_STANDARD = gnu99;
				GCC_DYNAMIC_NO_PIC = NO;
				GCC_OPTIMIZATION_LEVEL = 0;
				GCC_PREPROCESSOR_DEFINITIONS = (
					"DEBUG=1",
					"$(inherited)",
				);
				GCC_SYMBOLS_PRIVATE_EXTERN = NO;
				GCC_WARN_64_TO_32_BIT_CONVERSION = YES;
				GCC_WARN_ABOUT_RETURN_TYPE = YES_ERROR;
				GCC_WARN_UNDECLARED_SELECTOR = YES;
				GCC_WARN_UNINITIALIZED_AUTOS = YES_AGGRESSIVE;
				GCC_WARN_UNUSED_FUNCTION = YES;
				GCC_WARN_UNUSED_VARIABLE = YES;
				IPHONEOS_DEPLOYMENT_TARGET = 7.1;
				ONLY_ACTIVE_ARCH = YES;
				"OTHER_LDFLAGS[arch=*]" = "-ObjC";
				SDKROOT = iphoneos;
			};
			name = Debug;
		};
		BF6FF5E0195088DF001905AC /* Release */ = {
			isa = XCBuildConfiguration;
			buildSettings = {
				ALWAYS_SEARCH_USER_PATHS = NO;
				CLANG_CXX_LANGUAGE_STANDARD = "gnu++0x";
				CLANG_CXX_LIBRARY = "libc++";
				CLANG_ENABLE_MODULES = YES;
				CLANG_ENABLE_OBJC_ARC = YES;
				CLANG_WARN_BOOL_CONVERSION = YES;
				CLANG_WARN_CONSTANT_CONVERSION = YES;
				CLANG_WARN_DIRECT_OBJC_ISA_USAGE = YES_ERROR;
				CLANG_WARN_EMPTY_BODY = YES;
				CLANG_WARN_ENUM_CONVERSION = YES;
				CLANG_WARN_INT_CONVERSION = YES;
				CLANG_WARN_OBJC_ROOT_CLASS = YES_ERROR;
				CLANG_WARN__DUPLICATE_METHOD_MATCH = YES;
				"CODE_SIGN_IDENTITY[sdk=iphoneos*]" = "iPhone Developer";
				COPY_PHASE_STRIP = YES;
				ENABLE_NS_ASSERTIONS = NO;
				GCC_C_LANGUAGE_STANDARD = gnu99;
				GCC_WARN_64_TO_32_BIT_CONVERSION = YES;
				GCC_WARN_ABOUT_RETURN_TYPE = YES_ERROR;
				GCC_WARN_UNDECLARED_SELECTOR = YES;
				GCC_WARN_UNINITIALIZED_AUTOS = YES_AGGRESSIVE;
				GCC_WARN_UNUSED_FUNCTION = YES;
				GCC_WARN_UNUSED_VARIABLE = YES;
				IPHONEOS_DEPLOYMENT_TARGET = 7.1;
				"PROVISIONING_PROFILE[sdk=*]" = "MapTest dev";
				SDKROOT = iphoneos;
				VALIDATE_PRODUCT = YES;
			};
			name = Release;
		};
		BF6FF5E2195088DF001905AC /* Debug */ = {
			isa = XCBuildConfiguration;
			buildSettings = {
				ASSETCATALOG_COMPILER_APPICON_NAME = AppIcon;
				ASSETCATALOG_COMPILER_LAUNCHIMAGE_NAME = LaunchImage;
				FRAMEWORK_SEARCH_PATHS = (
					"$(inherited)",
					"$(PROJECT_DIR)",
				);
				GCC_PRECOMPILE_PREFIX_HEADER = YES;
				GCC_PREFIX_HEADER = "MapTest/MapTest-Prefix.pch";
				INFOPLIST_FILE = "MapTest/MapTest-Info.plist";
				PRODUCT_NAME = "$(TARGET_NAME)";
				WRAPPER_EXTENSION = app;
			};
			name = Debug;
		};
		BF6FF5E3195088DF001905AC /* Release */ = {
			isa = XCBuildConfiguration;
			buildSettings = {
				ASSETCATALOG_COMPILER_APPICON_NAME = AppIcon;
				ASSETCATALOG_COMPILER_LAUNCHIMAGE_NAME = LaunchImage;
				FRAMEWORK_SEARCH_PATHS = (
					"$(inherited)",
					"$(PROJECT_DIR)",
				);
				GCC_PRECOMPILE_PREFIX_HEADER = YES;
				GCC_PREFIX_HEADER = "MapTest/MapTest-Prefix.pch";
				INFOPLIST_FILE = "MapTest/MapTest-Info.plist";
				PRODUCT_NAME = "$(TARGET_NAME)";
				WRAPPER_EXTENSION = app;
			};
			name = Release;
		};
		BF6FF5E5195088DF001905AC /* Debug */ = {
			isa = XCBuildConfiguration;
			buildSettings = {
				BUNDLE_LOADER = "$(BUILT_PRODUCTS_DIR)/MapTest.app/MapTest";
				FRAMEWORK_SEARCH_PATHS = (
					"$(SDKROOT)/Developer/Library/Frameworks",
					"$(inherited)",
					"$(DEVELOPER_FRAMEWORKS_DIR)",
				);
				GCC_PRECOMPILE_PREFIX_HEADER = YES;
				GCC_PREFIX_HEADER = "MapTest/MapTest-Prefix.pch";
				GCC_PREPROCESSOR_DEFINITIONS = (
					"DEBUG=1",
					"$(inherited)",
				);
				INFOPLIST_FILE = "MapTestTests/MapTestTests-Info.plist";
				PRODUCT_NAME = "$(TARGET_NAME)";
				TEST_HOST = "$(BUNDLE_LOADER)";
				WRAPPER_EXTENSION = xctest;
			};
			name = Debug;
		};
		BF6FF5E6195088DF001905AC /* Release */ = {
			isa = XCBuildConfiguration;
			buildSettings = {
				BUNDLE_LOADER = "$(BUILT_PRODUCTS_DIR)/MapTest.app/MapTest";
				FRAMEWORK_SEARCH_PATHS = (
					"$(SDKROOT)/Developer/Library/Frameworks",
					"$(inherited)",
					"$(DEVELOPER_FRAMEWORKS_DIR)",
				);
				GCC_PRECOMPILE_PREFIX_HEADER = YES;
				GCC_PREFIX_HEADER = "MapTest/MapTest-Prefix.pch";
				INFOPLIST_FILE = "MapTestTests/MapTestTests-Info.plist";
				PRODUCT_NAME = "$(TARGET_NAME)";
				TEST_HOST = "$(BUNDLE_LOADER)";
				WRAPPER_EXTENSION = xctest;
			};
			name = Release;
		};
/* End XCBuildConfiguration section */

/* Begin XCConfigurationList section */
		BF6FF5AA195088DF001905AC /* Build configuration list for PBXProject "MapTest" */ = {
			isa = XCConfigurationList;
			buildConfigurations = (
				BF6FF5DF195088DF001905AC /* Debug */,
				BF6FF5E0195088DF001905AC /* Release */,
			);
			defaultConfigurationIsVisible = 0;
			defaultConfigurationName = Release;
		};
		BF6FF5E1195088DF001905AC /* Build configuration list for PBXNativeTarget "MapTest" */ = {
			isa = XCConfigurationList;
			buildConfigurations = (
				BF6FF5E2195088DF001905AC /* Debug */,
				BF6FF5E3195088DF001905AC /* Release */,
			);
			defaultConfigurationIsVisible = 0;
			defaultConfigurationName = Release;
		};
		BF6FF5E4195088DF001905AC /* Build configuration list for PBXNativeTarget "MapTestTests" */ = {
			isa = XCConfigurationList;
			buildConfigurations = (
				BF6FF5E5195088DF001905AC /* Debug */,
				BF6FF5E6195088DF001905AC /* Release */,
			);
			defaultConfigurationIsVisible = 0;
			defaultConfigurationName = Release;
		};
/* End XCConfigurationList section */
	};
	rootObject = BF6FF5A7195088DF001905AC /* Project object */;
}
