// !$*UTF8*$!
{
	archiveVersion = 1;
	classes = {
	};
	objectVersion = 46;
	objects = {

/* Begin PBXBuildFile section */
		BF6FF5B3195088DF001905AC /* Foundation.framework in Frameworks */ = {isa = PBXBuildFile; fileRef = BF6FF5B2195088DF001905AC /* Foundation.framework */; };
		BF6FF5B5195088DF001905AC /* CoreGraphics.framework in Frameworks */ = {isa = PBXBuildFile; fileRef = BF6FF5B4195088DF001905AC /* CoreGraphics.framework */; };
		BF6FF5B7195088DF001905AC /* UIKit.framework in Frameworks */ = {isa = PBXBuildFile; fileRef = BF6FF5B6195088DF001905AC /* UIKit.framework */; };
		BF6FF5D2195088DF001905AC /* XCTest.framework in Frameworks */ = {isa = PBXBuildFile; fileRef = BF6FF5D1195088DF001905AC /* XCTest.framework */; };
		BF6FF5D3195088DF001905AC /* Foundation.framework in Frameworks */ = {isa = PBXBuildFile; fileRef = BF6FF5B2195088DF001905AC /* Foundation.framework */; };
		BF6FF5D4195088DF001905AC /* UIKit.framework in Frameworks */ = {isa = PBXBuildFile; fileRef = BF6FF5B6195088DF001905AC /* UIKit.framework */; };
		BF6FF5DC195088DF001905AC /* InfoPlist.strings in Resources */ = {isa = PBXBuildFile; fileRef = BF6FF5DA195088DF001905AC /* InfoPlist.strings */; };
		BF6FF5DE195088DF001905AC /* MapTestTests.m in Sources */ = {isa = PBXBuildFile; fileRef = BF6FF5DD195088DF001905AC /* MapTestTests.m */; };
		BF6FF5E81950895F001905AC /* GoogleMaps.framework in Frameworks */ = {isa = PBXBuildFile; fileRef = BF6FF5E71950895F001905AC /* GoogleMaps.framework */; };
		BF6FF5EA1950897A001905AC /* GoogleMaps.bundle in Resources */ = {isa = PBXBuildFile; fileRef = BF6FF5E91950897A001905AC /* GoogleMaps.bundle */; };
		BF6FF5EC195089AE001905AC /* AVFoundation.framework in Frameworks */ = {isa = PBXBuildFile; fileRef = BF6FF5EB195089AE001905AC /* AVFoundation.framework */; };
		BF6FF5EE195089B3001905AC /* CoreData.framework in Frameworks */ = {isa = PBXBuildFile; fileRef = BF6FF5ED195089B3001905AC /* CoreData.framework */; };
		BF6FF5F0195089BB001905AC /* CoreLocation.framework in Frameworks */ = {isa = PBXBuildFile; fileRef = BF6FF5EF195089BB001905AC /* CoreLocation.framework */; };
		BF6FF5F2195089C2001905AC /* CoreText.framework in Frameworks */ = {isa = PBXBuildFile; fileRef = BF6FF5F1195089C2001905AC /* CoreText.framework */; };
		BF6FF5F4195089C8001905AC /* GLKit.framework in Frameworks */ = {isa = PBXBuildFile; fileRef = BF6FF5F3195089C8001905AC /* GLKit.framework */; };
		BF6FF5F6195089CE001905AC /* ImageIO.framework in Frameworks */ = {isa = PBXBuildFile; fileRef = BF6FF5F5195089CE001905AC /* ImageIO.framework */; };
		BF6FF5F8195089DE001905AC /* libc++.dylib in Frameworks */ = {isa = PBXBuildFile; fileRef = BF6FF5F7195089DE001905AC /* libc++.dylib */; };
		BF6FF5FA195089EB001905AC /* libicucore.dylib in Frameworks */ = {isa = PBXBuildFile; fileRef = BF6FF5F9195089EB001905AC /* libicucore.dylib */; };
		BF6FF5FC195089FE001905AC /* libz.dylib in Frameworks */ = {isa = PBXBuildFile; fileRef = BF6FF5FB195089FE001905AC /* libz.dylib */; };
		BF6FF5FE19508A05001905AC /* OpenGLES.framework in Frameworks */ = {isa = PBXBuildFile; fileRef = BF6FF5FD19508A05001905AC /* OpenGLES.framework */; };
		BF6FF60019508A13001905AC /* QuartzCore.framework in Frameworks */ = {isa = PBXBuildFile; fileRef = BF6FF5FF19508A13001905AC /* QuartzCore.framework */; };
		BF6FF60219508A1C001905AC /* SystemConfiguration.framework in Frameworks */ = {isa = PBXBuildFile; fileRef = BF6FF60119508A1C001905AC /* SystemConfiguration.framework */; };
		BFA8A9B019701AF600DFCAC1 /* imagenNoDisponible.jpg in Resources */ = {isa = PBXBuildFile; fileRef = BFA8A9AF19701AF600DFCAC1 /* imagenNoDisponible.jpg */; };
		BFB6759C1974166E00567854 /* Busqueda.m in Sources */ = {isa = PBXBuildFile; fileRef = BFB6759B1974166E00567854 /* Busqueda.m */; };
		BFB6759F197418A100567854 /* Enums.m in Sources */ = {isa = PBXBuildFile; fileRef = BFB6759E197418A100567854 /* Enums.m */; };
		BFB700F51981AF2E0069E8E1 /* iconoDown.png in Resources */ = {isa = PBXBuildFile; fileRef = BFB700F11981AF2E0069E8E1 /* iconoDown.png */; };
		BFB700F61981AF2E0069E8E1 /* iconoDown2x.png in Resources */ = {isa = PBXBuildFile; fileRef = BFB700F21981AF2E0069E8E1 /* iconoDown2x.png */; };
		BFB700FB1981B00C0069E8E1 /* iconoUp.png in Resources */ = {isa = PBXBuildFile; fileRef = BFB700F91981B00C0069E8E1 /* iconoUp.png */; };
		BFB700FC1981B00C0069E8E1 /* iconoUp2x.png in Resources */ = {isa = PBXBuildFile; fileRef = BFB700FA1981B00C0069E8E1 /* iconoUp2x.png */; };
		BFC8720F196B29A40007D662 /* Main.storyboard in Resources */ = {isa = PBXBuildFile; fileRef = BFC871EF196B29A40007D662 /* Main.storyboard */; };
		BFC87213196B29A40007D662 /* InfoPlist.strings in Resources */ = {isa = PBXBuildFile; fileRef = BFC871F4196B29A40007D662 /* InfoPlist.strings */; };
		BFC87218196B29A40007D662 /* Images.xcassets in Resources */ = {isa = PBXBuildFile; fileRef = BFC871FA196B29A40007D662 /* Images.xcassets */; };
		BFC87219196B29A40007D662 /* ListadoPropiedadesViewController.m in Sources */ = {isa = PBXBuildFile; fileRef = BFC871FC196B29A40007D662 /* ListadoPropiedadesViewController.m */; };
		BFC8721C196B29A40007D662 /* MapTest-Info.plist in Resources */ = {isa = PBXBuildFile; fileRef = BFC871FF196B29A40007D662 /* MapTest-Info.plist */; };
		BFC8721D196B29A40007D662 /* MapTestAppDelegate.m in Sources */ = {isa = PBXBuildFile; fileRef = BFC87202196B29A40007D662 /* MapTestAppDelegate.m */; };
		BFC8721E196B29A40007D662 /* MapTestViewController.m in Sources */ = {isa = PBXBuildFile; fileRef = BFC87204196B29A40007D662 /* MapTestViewController.m */; };
		BFC87221196B29A40007D662 /* PropMeli.m in Sources */ = {isa = PBXBuildFile; fileRef = BFC87208196B29A40007D662 /* PropMeli.m */; };
		BFC87223196B29A40007D662 /* UnidadGeografica.m in Sources */ = {isa = PBXBuildFile; fileRef = BFC8720C196B29A40007D662 /* UnidadGeografica.m */; };
		BFC87224196B29A40007D662 /* VistaMapaViewController.m in Sources */ = {isa = PBXBuildFile; fileRef = BFC8720E196B29A40007D662 /* VistaMapaViewController.m */; };
		BFC8723F196B2BC20007D662 /* main.m in Sources */ = {isa = PBXBuildFile; fileRef = BFC8723E196B2BC20007D662 /* main.m */; };
		BFC87241196B2E660007D662 /* Assets in Resources */ = {isa = PBXBuildFile; fileRef = BFC87240196B2E660007D662 /* Assets */; };
		BFC87253196C84650007D662 /* AlphaGradientView.m in Sources */ = {isa = PBXBuildFile; fileRef = BFC87252196C84650007D662 /* AlphaGradientView.m */; };
		CC15FF85197EC8660030A289 /* CeldaPropiedadViewCell.m in Sources */ = {isa = PBXBuildFile; fileRef = CC15FF84197EC8660030A289 /* CeldaPropiedadViewCell.m */; };
		CC15FFAD197FE2630030A289 /* AFHTTPRequestOperation.m in Sources */ = {isa = PBXBuildFile; fileRef = CC15FF89197FE2630030A289 /* AFHTTPRequestOperation.m */; };
		CC15FFAE197FE2630030A289 /* AFHTTPRequestOperationManager.m in Sources */ = {isa = PBXBuildFile; fileRef = CC15FF8B197FE2630030A289 /* AFHTTPRequestOperationManager.m */; };
		CC15FFAF197FE2630030A289 /* AFHTTPSessionManager.m in Sources */ = {isa = PBXBuildFile; fileRef = CC15FF8D197FE2630030A289 /* AFHTTPSessionManager.m */; };
		CC15FFB0197FE2630030A289 /* AFNetworkReachabilityManager.m in Sources */ = {isa = PBXBuildFile; fileRef = CC15FF90197FE2630030A289 /* AFNetworkReachabilityManager.m */; };
		CC15FFB1197FE2630030A289 /* AFSecurityPolicy.m in Sources */ = {isa = PBXBuildFile; fileRef = CC15FF92197FE2630030A289 /* AFSecurityPolicy.m */; };
		CC15FFB2197FE2630030A289 /* AFURLConnectionOperation.m in Sources */ = {isa = PBXBuildFile; fileRef = CC15FF94197FE2630030A289 /* AFURLConnectionOperation.m */; };
		CC15FFB3197FE2630030A289 /* AFURLRequestSerialization.m in Sources */ = {isa = PBXBuildFile; fileRef = CC15FF96197FE2630030A289 /* AFURLRequestSerialization.m */; };
		CC15FFB4197FE2630030A289 /* AFURLResponseSerialization.m in Sources */ = {isa = PBXBuildFile; fileRef = CC15FF98197FE2630030A289 /* AFURLResponseSerialization.m */; };
		CC15FFB5197FE2630030A289 /* AFURLSessionManager.m in Sources */ = {isa = PBXBuildFile; fileRef = CC15FF9A197FE2630030A289 /* AFURLSessionManager.m */; };
		CC15FFB6197FE2630030A289 /* AFNetworkActivityIndicatorManager.m in Sources */ = {isa = PBXBuildFile; fileRef = CC15FF9D197FE2630030A289 /* AFNetworkActivityIndicatorManager.m */; };
		CC15FFB7197FE2630030A289 /* UIActivityIndicatorView+AFNetworking.m in Sources */ = {isa = PBXBuildFile; fileRef = CC15FF9F197FE2630030A289 /* UIActivityIndicatorView+AFNetworking.m */; };
		CC15FFB8197FE2630030A289 /* UIAlertView+AFNetworking.m in Sources */ = {isa = PBXBuildFile; fileRef = CC15FFA1197FE2630030A289 /* UIAlertView+AFNetworking.m */; };
		CC15FFB9197FE2630030A289 /* UIButton+AFNetworking.m in Sources */ = {isa = PBXBuildFile; fileRef = CC15FFA3197FE2630030A289 /* UIButton+AFNetworking.m */; };
		CC15FFBA197FE2630030A289 /* UIImageView+AFNetworking.m in Sources */ = {isa = PBXBuildFile; fileRef = CC15FFA5197FE2630030A289 /* UIImageView+AFNetworking.m */; };
		CC15FFBB197FE2630030A289 /* UIProgressView+AFNetworking.m in Sources */ = {isa = PBXBuildFile; fileRef = CC15FFA8197FE2630030A289 /* UIProgressView+AFNetworking.m */; };
		CC15FFBC197FE2630030A289 /* UIRefreshControl+AFNetworking.m in Sources */ = {isa = PBXBuildFile; fileRef = CC15FFAA197FE2630030A289 /* UIRefreshControl+AFNetworking.m */; };
		CC15FFBD197FE2630030A289 /* UIWebView+AFNetworking.m in Sources */ = {isa = PBXBuildFile; fileRef = CC15FFAC197FE2630030A289 /* UIWebView+AFNetworking.m */; };
		CC15FFC1197FE4A30030A289 /* gradient.png in Resources */ = {isa = PBXBuildFile; fileRef = CC15FFC0197FE4A30030A289 /* gradient.png */; };
		CC15FFC3197FE8CE0030A289 /* Transparent_Gradient.png in Resources */ = {isa = PBXBuildFile; fileRef = CC15FFC2197FE8CE0030A289 /* Transparent_Gradient.png */; };
		CC15FFC5197FF28B0030A289 /* home-gradient.png in Resources */ = {isa = PBXBuildFile; fileRef = CC15FFC4197FF28B0030A289 /* home-gradient.png */; };
		CC15FFC719800B8D0030A289 /* santiago.gpx in Resources */ = {isa = PBXBuildFile; fileRef = CC15FFC619800B8D0030A289 /* santiago.gpx */; };
/* End PBXBuildFile section */

/* Begin PBXContainerItemProxy section */
		BF6FF5D5195088DF001905AC /* PBXContainerItemProxy */ = {
			isa = PBXContainerItemProxy;
			containerPortal = BF6FF5A7195088DF001905AC /* Project object */;
			proxyType = 1;
			remoteGlobalIDString = BF6FF5AE195088DF001905AC;
			remoteInfo = MapTest;
		};
/* End PBXContainerItemProxy section */

/* Begin PBXFileReference section */
		BF6FF5AF195088DF001905AC /* MapTest.app */ = {isa = PBXFileReference; explicitFileType = wrapper.application; includeInIndex = 0; path = MapTest.app; sourceTree = BUILT_PRODUCTS_DIR; };
		BF6FF5B2195088DF001905AC /* Foundation.framework */ = {isa = PBXFileReference; lastKnownFileType = wrapper.framework; name = Foundation.framework; path = System/Library/Frameworks/Foundation.framework; sourceTree = SDKROOT; };
		BF6FF5B4195088DF001905AC /* CoreGraphics.framework */ = {isa = PBXFileReference; lastKnownFileType = wrapper.framework; name = CoreGraphics.framework; path = System/Library/Frameworks/CoreGraphics.framework; sourceTree = SDKROOT; };
		BF6FF5B6195088DF001905AC /* UIKit.framework */ = {isa = PBXFileReference; lastKnownFileType = wrapper.framework; name = UIKit.framework; path = System/Library/Frameworks/UIKit.framework; sourceTree = SDKROOT; };
		BF6FF5D0195088DF001905AC /* MapTestTests.xctest */ = {isa = PBXFileReference; explicitFileType = wrapper.cfbundle; includeInIndex = 0; path = MapTestTests.xctest; sourceTree = BUILT_PRODUCTS_DIR; };
		BF6FF5D1195088DF001905AC /* XCTest.framework */ = {isa = PBXFileReference; lastKnownFileType = wrapper.framework; name = XCTest.framework; path = Library/Frameworks/XCTest.framework; sourceTree = DEVELOPER_DIR; };
		BF6FF5D9195088DF001905AC /* MapTestTests-Info.plist */ = {isa = PBXFileReference; lastKnownFileType = text.plist.xml; path = "MapTestTests-Info.plist"; sourceTree = "<group>"; };
		BF6FF5DB195088DF001905AC /* en */ = {isa = PBXFileReference; lastKnownFileType = text.plist.strings; name = en; path = en.lproj/InfoPlist.strings; sourceTree = "<group>"; };
		BF6FF5DD195088DF001905AC /* MapTestTests.m */ = {isa = PBXFileReference; lastKnownFileType = sourcecode.c.objc; path = MapTestTests.m; sourceTree = "<group>"; };
		BF6FF5E71950895F001905AC /* GoogleMaps.framework */ = {isa = PBXFileReference; lastKnownFileType = wrapper.framework; path = GoogleMaps.framework; sourceTree = "<group>"; };
		BF6FF5E91950897A001905AC /* GoogleMaps.bundle */ = {isa = PBXFileReference; lastKnownFileType = "wrapper.plug-in"; name = GoogleMaps.bundle; path = GoogleMaps.framework/Versions/A/Resources/GoogleMaps.bundle; sourceTree = "<group>"; };
		BF6FF5EB195089AE001905AC /* AVFoundation.framework */ = {isa = PBXFileReference; lastKnownFileType = wrapper.framework; name = AVFoundation.framework; path = System/Library/Frameworks/AVFoundation.framework; sourceTree = SDKROOT; };
		BF6FF5ED195089B3001905AC /* CoreData.framework */ = {isa = PBXFileReference; lastKnownFileType = wrapper.framework; name = CoreData.framework; path = System/Library/Frameworks/CoreData.framework; sourceTree = SDKROOT; };
		BF6FF5EF195089BB001905AC /* CoreLocation.framework */ = {isa = PBXFileReference; lastKnownFileType = wrapper.framework; name = CoreLocation.framework; path = System/Library/Frameworks/CoreLocation.framework; sourceTree = SDKROOT; };
		BF6FF5F1195089C2001905AC /* CoreText.framework */ = {isa = PBXFileReference; lastKnownFileType = wrapper.framework; name = CoreText.framework; path = System/Library/Frameworks/CoreText.framework; sourceTree = SDKROOT; };
		BF6FF5F3195089C8001905AC /* GLKit.framework */ = {isa = PBXFileReference; lastKnownFileType = wrapper.framework; name = GLKit.framework; path = System/Library/Frameworks/GLKit.framework; sourceTree = SDKROOT; };
		BF6FF5F5195089CE001905AC /* ImageIO.framework */ = {isa = PBXFileReference; lastKnownFileType = wrapper.framework; name = ImageIO.framework; path = System/Library/Frameworks/ImageIO.framework; sourceTree = SDKROOT; };
		BF6FF5F7195089DE001905AC /* libc++.dylib */ = {isa = PBXFileReference; lastKnownFileType = "compiled.mach-o.dylib"; name = "libc++.dylib"; path = "usr/lib/libc++.dylib"; sourceTree = SDKROOT; };
		BF6FF5F9195089EB001905AC /* libicucore.dylib */ = {isa = PBXFileReference; lastKnownFileType = "compiled.mach-o.dylib"; name = libicucore.dylib; path = usr/lib/libicucore.dylib; sourceTree = SDKROOT; };
		BF6FF5FB195089FE001905AC /* libz.dylib */ = {isa = PBXFileReference; lastKnownFileType = "compiled.mach-o.dylib"; name = libz.dylib; path = usr/lib/libz.dylib; sourceTree = SDKROOT; };
		BF6FF5FD19508A05001905AC /* OpenGLES.framework */ = {isa = PBXFileReference; lastKnownFileType = wrapper.framework; name = OpenGLES.framework; path = System/Library/Frameworks/OpenGLES.framework; sourceTree = SDKROOT; };
		BF6FF5FF19508A13001905AC /* QuartzCore.framework */ = {isa = PBXFileReference; lastKnownFileType = wrapper.framework; name = QuartzCore.framework; path = System/Library/Frameworks/QuartzCore.framework; sourceTree = SDKROOT; };
		BF6FF60119508A1C001905AC /* SystemConfiguration.framework */ = {isa = PBXFileReference; lastKnownFileType = wrapper.framework; name = SystemConfiguration.framework; path = System/Library/Frameworks/SystemConfiguration.framework; sourceTree = SDKROOT; };
		BFA8A9AF19701AF600DFCAC1 /* imagenNoDisponible.jpg */ = {isa = PBXFileReference; lastKnownFileType = image.jpeg; path = imagenNoDisponible.jpg; sourceTree = "<group>"; };
		BFB6759A1974166E00567854 /* Busqueda.h */ = {isa = PBXFileReference; fileEncoding = 4; lastKnownFileType = sourcecode.c.h; path = Busqueda.h; sourceTree = "<group>"; };
		BFB6759B1974166E00567854 /* Busqueda.m */ = {isa = PBXFileReference; fileEncoding = 4; lastKnownFileType = sourcecode.c.objc; path = Busqueda.m; sourceTree = "<group>"; };
		BFB6759D197418A100567854 /* Enums.h */ = {isa = PBXFileReference; fileEncoding = 4; lastKnownFileType = sourcecode.c.h; path = Enums.h; sourceTree = "<group>"; };
		BFB6759E197418A100567854 /* Enums.m */ = {isa = PBXFileReference; fileEncoding = 4; lastKnownFileType = sourcecode.c.objc; path = Enums.m; sourceTree = "<group>"; };
		BFB700F11981AF2E0069E8E1 /* iconoDown.png */ = {isa = PBXFileReference; lastKnownFileType = image.png; path = iconoDown.png; sourceTree = "<group>"; };
		BFB700F21981AF2E0069E8E1 /* iconoDown2x.png */ = {isa = PBXFileReference; lastKnownFileType = image.png; path = iconoDown2x.png; sourceTree = "<group>"; };
		BFB700F91981B00C0069E8E1 /* iconoUp.png */ = {isa = PBXFileReference; lastKnownFileType = image.png; path = iconoUp.png; sourceTree = "<group>"; };
		BFB700FA1981B00C0069E8E1 /* iconoUp2x.png */ = {isa = PBXFileReference; lastKnownFileType = image.png; path = iconoUp2x.png; sourceTree = "<group>"; };
		BFC871F0196B29A40007D662 /* Base */ = {isa = PBXFileReference; lastKnownFileType = file.storyboard; name = Base; path = Base.lproj/Main.storyboard; sourceTree = "<group>"; };
		BFC871F5196B29A40007D662 /* en */ = {isa = PBXFileReference; lastKnownFileType = text.plist.strings; name = en; path = en.lproj/InfoPlist.strings; sourceTree = "<group>"; };
		BFC871FA196B29A40007D662 /* Images.xcassets */ = {isa = PBXFileReference; lastKnownFileType = folder.assetcatalog; path = Images.xcassets; sourceTree = "<group>"; };
		BFC871FB196B29A40007D662 /* ListadoPropiedadesViewController.h */ = {isa = PBXFileReference; fileEncoding = 4; lastKnownFileType = sourcecode.c.h; path = ListadoPropiedadesViewController.h; sourceTree = "<group>"; };
		BFC871FC196B29A40007D662 /* ListadoPropiedadesViewController.m */ = {isa = PBXFileReference; fileEncoding = 4; lastKnownFileType = sourcecode.c.objc; path = ListadoPropiedadesViewController.m; sourceTree = "<group>"; };
		BFC871FF196B29A40007D662 /* MapTest-Info.plist */ = {isa = PBXFileReference; fileEncoding = 4; lastKnownFileType = text.plist.xml; path = "MapTest-Info.plist"; sourceTree = "<group>"; };
		BFC87201196B29A40007D662 /* MapTestAppDelegate.h */ = {isa = PBXFileReference; fileEncoding = 4; lastKnownFileType = sourcecode.c.h; path = MapTestAppDelegate.h; sourceTree = "<group>"; };
		BFC87202196B29A40007D662 /* MapTestAppDelegate.m */ = {isa = PBXFileReference; fileEncoding = 4; lastKnownFileType = sourcecode.c.objc; path = MapTestAppDelegate.m; sourceTree = "<group>"; };
		BFC87203196B29A40007D662 /* MapTestViewController.h */ = {isa = PBXFileReference; fileEncoding = 4; lastKnownFileType = sourcecode.c.h; path = MapTestViewController.h; sourceTree = "<group>"; };
		BFC87204196B29A40007D662 /* MapTestViewController.m */ = {isa = PBXFileReference; fileEncoding = 4; lastKnownFileType = sourcecode.c.objc; path = MapTestViewController.m; sourceTree = "<group>"; };
		BFC87207196B29A40007D662 /* PropMeli.h */ = {isa = PBXFileReference; fileEncoding = 4; lastKnownFileType = sourcecode.c.h; path = PropMeli.h; sourceTree = "<group>"; };
		BFC87208196B29A40007D662 /* PropMeli.m */ = {isa = PBXFileReference; fileEncoding = 4; lastKnownFileType = sourcecode.c.objc; path = PropMeli.m; sourceTree = "<group>"; };
		BFC8720B196B29A40007D662 /* UnidadGeografica.h */ = {isa = PBXFileReference; fileEncoding = 4; lastKnownFileType = sourcecode.c.h; path = UnidadGeografica.h; sourceTree = "<group>"; };
		BFC8720C196B29A40007D662 /* UnidadGeografica.m */ = {isa = PBXFileReference; fileEncoding = 4; lastKnownFileType = sourcecode.c.objc; path = UnidadGeografica.m; sourceTree = "<group>"; };
		BFC8720D196B29A40007D662 /* VistaMapaViewController.h */ = {isa = PBXFileReference; fileEncoding = 4; lastKnownFileType = sourcecode.c.h; path = VistaMapaViewController.h; sourceTree = "<group>"; };
		BFC8720E196B29A40007D662 /* VistaMapaViewController.m */ = {isa = PBXFileReference; fileEncoding = 4; lastKnownFileType = sourcecode.c.objc; path = VistaMapaViewController.m; sourceTree = "<group>"; };
		BFC8723E196B2BC20007D662 /* main.m */ = {isa = PBXFileReference; fileEncoding = 4; lastKnownFileType = sourcecode.c.objc; path = main.m; sourceTree = "<group>"; };
		BFC87240196B2E660007D662 /* Assets */ = {isa = PBXFileReference; lastKnownFileType = folder; path = Assets; sourceTree = "<group>"; };
		BFC87251196C84650007D662 /* AlphaGradientView.h */ = {isa = PBXFileReference; fileEncoding = 4; lastKnownFileType = sourcecode.c.h; path = AlphaGradientView.h; sourceTree = "<group>"; };
		BFC87252196C84650007D662 /* AlphaGradientView.m */ = {isa = PBXFileReference; fileEncoding = 4; lastKnownFileType = sourcecode.c.objc; path = AlphaGradientView.m; sourceTree = "<group>"; };
		CC15FF83197EC8660030A289 /* CeldaPropiedadViewCell.h */ = {isa = PBXFileReference; fileEncoding = 4; lastKnownFileType = sourcecode.c.h; path = CeldaPropiedadViewCell.h; sourceTree = "<group>"; };
		CC15FF84197EC8660030A289 /* CeldaPropiedadViewCell.m */ = {isa = PBXFileReference; fileEncoding = 4; lastKnownFileType = sourcecode.c.objc; path = CeldaPropiedadViewCell.m; sourceTree = "<group>"; };
		CC15FF88197FE2630030A289 /* AFHTTPRequestOperation.h */ = {isa = PBXFileReference; fileEncoding = 4; lastKnownFileType = sourcecode.c.h; path = AFHTTPRequestOperation.h; sourceTree = "<group>"; };
		CC15FF89197FE2630030A289 /* AFHTTPRequestOperation.m */ = {isa = PBXFileReference; fileEncoding = 4; lastKnownFileType = sourcecode.c.objc; path = AFHTTPRequestOperation.m; sourceTree = "<group>"; };
		CC15FF8A197FE2630030A289 /* AFHTTPRequestOperationManager.h */ = {isa = PBXFileReference; fileEncoding = 4; lastKnownFileType = sourcecode.c.h; path = AFHTTPRequestOperationManager.h; sourceTree = "<group>"; };
		CC15FF8B197FE2630030A289 /* AFHTTPRequestOperationManager.m */ = {isa = PBXFileReference; fileEncoding = 4; lastKnownFileType = sourcecode.c.objc; path = AFHTTPRequestOperationManager.m; sourceTree = "<group>"; };
		CC15FF8C197FE2630030A289 /* AFHTTPSessionManager.h */ = {isa = PBXFileReference; fileEncoding = 4; lastKnownFileType = sourcecode.c.h; path = AFHTTPSessionManager.h; sourceTree = "<group>"; };
		CC15FF8D197FE2630030A289 /* AFHTTPSessionManager.m */ = {isa = PBXFileReference; fileEncoding = 4; lastKnownFileType = sourcecode.c.objc; path = AFHTTPSessionManager.m; sourceTree = "<group>"; };
		CC15FF8E197FE2630030A289 /* AFNetworking.h */ = {isa = PBXFileReference; fileEncoding = 4; lastKnownFileType = sourcecode.c.h; path = AFNetworking.h; sourceTree = "<group>"; };
		CC15FF8F197FE2630030A289 /* AFNetworkReachabilityManager.h */ = {isa = PBXFileReference; fileEncoding = 4; lastKnownFileType = sourcecode.c.h; path = AFNetworkReachabilityManager.h; sourceTree = "<group>"; };
		CC15FF90197FE2630030A289 /* AFNetworkReachabilityManager.m */ = {isa = PBXFileReference; fileEncoding = 4; lastKnownFileType = sourcecode.c.objc; path = AFNetworkReachabilityManager.m; sourceTree = "<group>"; };
		CC15FF91197FE2630030A289 /* AFSecurityPolicy.h */ = {isa = PBXFileReference; fileEncoding = 4; lastKnownFileType = sourcecode.c.h; path = AFSecurityPolicy.h; sourceTree = "<group>"; };
		CC15FF92197FE2630030A289 /* AFSecurityPolicy.m */ = {isa = PBXFileReference; fileEncoding = 4; lastKnownFileType = sourcecode.c.objc; path = AFSecurityPolicy.m; sourceTree = "<group>"; };
		CC15FF93197FE2630030A289 /* AFURLConnectionOperation.h */ = {isa = PBXFileReference; fileEncoding = 4; lastKnownFileType = sourcecode.c.h; path = AFURLConnectionOperation.h; sourceTree = "<group>"; };
		CC15FF94197FE2630030A289 /* AFURLConnectionOperation.m */ = {isa = PBXFileReference; fileEncoding = 4; lastKnownFileType = sourcecode.c.objc; path = AFURLConnectionOperation.m; sourceTree = "<group>"; };
		CC15FF95197FE2630030A289 /* AFURLRequestSerialization.h */ = {isa = PBXFileReference; fileEncoding = 4; lastKnownFileType = sourcecode.c.h; path = AFURLRequestSerialization.h; sourceTree = "<group>"; };
		CC15FF96197FE2630030A289 /* AFURLRequestSerialization.m */ = {isa = PBXFileReference; fileEncoding = 4; lastKnownFileType = sourcecode.c.objc; path = AFURLRequestSerialization.m; sourceTree = "<group>"; };
		CC15FF97197FE2630030A289 /* AFURLResponseSerialization.h */ = {isa = PBXFileReference; fileEncoding = 4; lastKnownFileType = sourcecode.c.h; path = AFURLResponseSerialization.h; sourceTree = "<group>"; };
		CC15FF98197FE2630030A289 /* AFURLResponseSerialization.m */ = {isa = PBXFileReference; fileEncoding = 4; lastKnownFileType = sourcecode.c.objc; path = AFURLResponseSerialization.m; sourceTree = "<group>"; };
		CC15FF99197FE2630030A289 /* AFURLSessionManager.h */ = {isa = PBXFileReference; fileEncoding = 4; lastKnownFileType = sourcecode.c.h; path = AFURLSessionManager.h; sourceTree = "<group>"; };
		CC15FF9A197FE2630030A289 /* AFURLSessionManager.m */ = {isa = PBXFileReference; fileEncoding = 4; lastKnownFileType = sourcecode.c.objc; path = AFURLSessionManager.m; sourceTree = "<group>"; };
		CC15FF9C197FE2630030A289 /* AFNetworkActivityIndicatorManager.h */ = {isa = PBXFileReference; fileEncoding = 4; lastKnownFileType = sourcecode.c.h; path = AFNetworkActivityIndicatorManager.h; sourceTree = "<group>"; };
		CC15FF9D197FE2630030A289 /* AFNetworkActivityIndicatorManager.m */ = {isa = PBXFileReference; fileEncoding = 4; lastKnownFileType = sourcecode.c.objc; path = AFNetworkActivityIndicatorManager.m; sourceTree = "<group>"; };
		CC15FF9E197FE2630030A289 /* UIActivityIndicatorView+AFNetworking.h */ = {isa = PBXFileReference; fileEncoding = 4; lastKnownFileType = sourcecode.c.h; path = "UIActivityIndicatorView+AFNetworking.h"; sourceTree = "<group>"; };
		CC15FF9F197FE2630030A289 /* UIActivityIndicatorView+AFNetworking.m */ = {isa = PBXFileReference; fileEncoding = 4; lastKnownFileType = sourcecode.c.objc; path = "UIActivityIndicatorView+AFNetworking.m"; sourceTree = "<group>"; };
		CC15FFA0197FE2630030A289 /* UIAlertView+AFNetworking.h */ = {isa = PBXFileReference; fileEncoding = 4; lastKnownFileType = sourcecode.c.h; path = "UIAlertView+AFNetworking.h"; sourceTree = "<group>"; };
		CC15FFA1197FE2630030A289 /* UIAlertView+AFNetworking.m */ = {isa = PBXFileReference; fileEncoding = 4; lastKnownFileType = sourcecode.c.objc; path = "UIAlertView+AFNetworking.m"; sourceTree = "<group>"; };
		CC15FFA2197FE2630030A289 /* UIButton+AFNetworking.h */ = {isa = PBXFileReference; fileEncoding = 4; lastKnownFileType = sourcecode.c.h; path = "UIButton+AFNetworking.h"; sourceTree = "<group>"; };
		CC15FFA3197FE2630030A289 /* UIButton+AFNetworking.m */ = {isa = PBXFileReference; fileEncoding = 4; lastKnownFileType = sourcecode.c.objc; path = "UIButton+AFNetworking.m"; sourceTree = "<group>"; };
		CC15FFA4197FE2630030A289 /* UIImageView+AFNetworking.h */ = {isa = PBXFileReference; fileEncoding = 4; lastKnownFileType = sourcecode.c.h; path = "UIImageView+AFNetworking.h"; sourceTree = "<group>"; };
		CC15FFA5197FE2630030A289 /* UIImageView+AFNetworking.m */ = {isa = PBXFileReference; fileEncoding = 4; lastKnownFileType = sourcecode.c.objc; path = "UIImageView+AFNetworking.m"; sourceTree = "<group>"; };
		CC15FFA6197FE2630030A289 /* UIKit+AFNetworking.h */ = {isa = PBXFileReference; fileEncoding = 4; lastKnownFileType = sourcecode.c.h; path = "UIKit+AFNetworking.h"; sourceTree = "<group>"; };
		CC15FFA7197FE2630030A289 /* UIProgressView+AFNetworking.h */ = {isa = PBXFileReference; fileEncoding = 4; lastKnownFileType = sourcecode.c.h; path = "UIProgressView+AFNetworking.h"; sourceTree = "<group>"; };
		CC15FFA8197FE2630030A289 /* UIProgressView+AFNetworking.m */ = {isa = PBXFileReference; fileEncoding = 4; lastKnownFileType = sourcecode.c.objc; path = "UIProgressView+AFNetworking.m"; sourceTree = "<group>"; };
		CC15FFA9197FE2630030A289 /* UIRefreshControl+AFNetworking.h */ = {isa = PBXFileReference; fileEncoding = 4; lastKnownFileType = sourcecode.c.h; path = "UIRefreshControl+AFNetworking.h"; sourceTree = "<group>"; };
		CC15FFAA197FE2630030A289 /* UIRefreshControl+AFNetworking.m */ = {isa = PBXFileReference; fileEncoding = 4; lastKnownFileType = sourcecode.c.objc; path = "UIRefreshControl+AFNetworking.m"; sourceTree = "<group>"; };
		CC15FFAB197FE2630030A289 /* UIWebView+AFNetworking.h */ = {isa = PBXFileReference; fileEncoding = 4; lastKnownFileType = sourcecode.c.h; path = "UIWebView+AFNetworking.h"; sourceTree = "<group>"; };
		CC15FFAC197FE2630030A289 /* UIWebView+AFNetworking.m */ = {isa = PBXFileReference; fileEncoding = 4; lastKnownFileType = sourcecode.c.objc; path = "UIWebView+AFNetworking.m"; sourceTree = "<group>"; };
		CC15FFC0197FE4A30030A289 /* gradient.png */ = {isa = PBXFileReference; lastKnownFileType = image.png; path = gradient.png; sourceTree = "<group>"; };
		CC15FFC2197FE8CE0030A289 /* Transparent_Gradient.png */ = {isa = PBXFileReference; lastKnownFileType = image.png; path = Transparent_Gradient.png; sourceTree = "<group>"; };
		CC15FFC4197FF28B0030A289 /* home-gradient.png */ = {isa = PBXFileReference; lastKnownFileType = image.png; path = "home-gradient.png"; sourceTree = "<group>"; };
		CC15FFC619800B8D0030A289 /* santiago.gpx */ = {isa = PBXFileReference; fileEncoding = 4; lastKnownFileType = text.xml; path = santiago.gpx; sourceTree = "<group>"; };
/* End PBXFileReference section */

/* Begin PBXFrameworksBuildPhase section */
		BF6FF5AC195088DF001905AC /* Frameworks */ = {
			isa = PBXFrameworksBuildPhase;
			buildActionMask = 2147483647;
			files = (
				BF6FF60219508A1C001905AC /* SystemConfiguration.framework in Frameworks */,
				BF6FF60019508A13001905AC /* QuartzCore.framework in Frameworks */,
				BF6FF5FE19508A05001905AC /* OpenGLES.framework in Frameworks */,
				BF6FF5FC195089FE001905AC /* libz.dylib in Frameworks */,
				BF6FF5FA195089EB001905AC /* libicucore.dylib in Frameworks */,
				BF6FF5F8195089DE001905AC /* libc++.dylib in Frameworks */,
				BF6FF5F6195089CE001905AC /* ImageIO.framework in Frameworks */,
				BF6FF5F4195089C8001905AC /* GLKit.framework in Frameworks */,
				BF6FF5F2195089C2001905AC /* CoreText.framework in Frameworks */,
				BF6FF5F0195089BB001905AC /* CoreLocation.framework in Frameworks */,
				BF6FF5EE195089B3001905AC /* CoreData.framework in Frameworks */,
				BF6FF5EC195089AE001905AC /* AVFoundation.framework in Frameworks */,
				BF6FF5B5195088DF001905AC /* CoreGraphics.framework in Frameworks */,
				BF6FF5B7195088DF001905AC /* UIKit.framework in Frameworks */,
				BF6FF5E81950895F001905AC /* GoogleMaps.framework in Frameworks */,
				BF6FF5B3195088DF001905AC /* Foundation.framework in Frameworks */,
			);
			runOnlyForDeploymentPostprocessing = 0;
		};
		BF6FF5CD195088DF001905AC /* Frameworks */ = {
			isa = PBXFrameworksBuildPhase;
			buildActionMask = 2147483647;
			files = (
				BF6FF5D2195088DF001905AC /* XCTest.framework in Frameworks */,
				BF6FF5D4195088DF001905AC /* UIKit.framework in Frameworks */,
				BF6FF5D3195088DF001905AC /* Foundation.framework in Frameworks */,
			);
			runOnlyForDeploymentPostprocessing = 0;
		};
/* End PBXFrameworksBuildPhase section */

/* Begin PBXGroup section */
		BF6FF5A6195088DF001905AC = {
			isa = PBXGroup;
			children = (
				CC15FFC619800B8D0030A289 /* santiago.gpx */,
				CC15FFBE197FE4320030A289 /* Assets */,
				CC15FF86197FE2400030A289 /* Libs */,
				BFC871EE196B29A40007D662 /* MapTest */,
				BF6FF5D7195088DF001905AC /* MapTestTests */,
				BF6FF5B1195088DF001905AC /* Frameworks */,
				BF6FF5B0195088DF001905AC /* Products */,
			);
			sourceTree = "<group>";
		};
		BF6FF5B0195088DF001905AC /* Products */ = {
			isa = PBXGroup;
			children = (
				BF6FF5AF195088DF001905AC /* MapTest.app */,
				BF6FF5D0195088DF001905AC /* MapTestTests.xctest */,
			);
			name = Products;
			sourceTree = "<group>";
		};
		BF6FF5B1195088DF001905AC /* Frameworks */ = {
			isa = PBXGroup;
			children = (
				BF6FF60119508A1C001905AC /* SystemConfiguration.framework */,
				BF6FF5FF19508A13001905AC /* QuartzCore.framework */,
				BF6FF5FD19508A05001905AC /* OpenGLES.framework */,
				BF6FF5FB195089FE001905AC /* libz.dylib */,
				BF6FF5F9195089EB001905AC /* libicucore.dylib */,
				BF6FF5F7195089DE001905AC /* libc++.dylib */,
				BF6FF5F5195089CE001905AC /* ImageIO.framework */,
				BF6FF5F3195089C8001905AC /* GLKit.framework */,
				BF6FF5F1195089C2001905AC /* CoreText.framework */,
				BF6FF5EF195089BB001905AC /* CoreLocation.framework */,
				BF6FF5ED195089B3001905AC /* CoreData.framework */,
				BF6FF5EB195089AE001905AC /* AVFoundation.framework */,
				BF6FF5E91950897A001905AC /* GoogleMaps.bundle */,
				BF6FF5E71950895F001905AC /* GoogleMaps.framework */,
				BF6FF5B2195088DF001905AC /* Foundation.framework */,
				BF6FF5B4195088DF001905AC /* CoreGraphics.framework */,
				BF6FF5B6195088DF001905AC /* UIKit.framework */,
				BF6FF5D1195088DF001905AC /* XCTest.framework */,
			);
			name = Frameworks;
			sourceTree = "<group>";
		};
		BF6FF5D7195088DF001905AC /* MapTestTests */ = {
			isa = PBXGroup;
			children = (
				BF6FF5DD195088DF001905AC /* MapTestTests.m */,
				BF6FF5D8195088DF001905AC /* Supporting Files */,
			);
			path = MapTestTests;
			sourceTree = "<group>";
		};
		BF6FF5D8195088DF001905AC /* Supporting Files */ = {
			isa = PBXGroup;
			children = (
				BF6FF5D9195088DF001905AC /* MapTestTests-Info.plist */,
				BF6FF5DA195088DF001905AC /* InfoPlist.strings */,
			);
			name = "Supporting Files";
			sourceTree = "<group>";
		};
		BFC871EE196B29A40007D662 /* MapTest */ = {
			isa = PBXGroup;
			children = (
				BFA8A9AF19701AF600DFCAC1 /* imagenNoDisponible.jpg */,
				BFC87251196C84650007D662 /* AlphaGradientView.h */,
				BFC87252196C84650007D662 /* AlphaGradientView.m */,
				BFC87240196B2E660007D662 /* Assets */,
				BFC8723E196B2BC20007D662 /* main.m */,
				BFC871EF196B29A40007D662 /* Main.storyboard */,
				BFC871F4196B29A40007D662 /* InfoPlist.strings */,
				BFC871FA196B29A40007D662 /* Images.xcassets */,
				BFC871FB196B29A40007D662 /* ListadoPropiedadesViewController.h */,
				BFC871FC196B29A40007D662 /* ListadoPropiedadesViewController.m */,
				BFC871FF196B29A40007D662 /* MapTest-Info.plist */,
				BFC87201196B29A40007D662 /* MapTestAppDelegate.h */,
				BFC87202196B29A40007D662 /* MapTestAppDelegate.m */,
				BFC87203196B29A40007D662 /* MapTestViewController.h */,
				BFC87204196B29A40007D662 /* MapTestViewController.m */,
				BFC87207196B29A40007D662 /* PropMeli.h */,
				BFC87208196B29A40007D662 /* PropMeli.m */,
				BFC8720B196B29A40007D662 /* UnidadGeografica.h */,
				BFC8720C196B29A40007D662 /* UnidadGeografica.m */,
				BFC8720D196B29A40007D662 /* VistaMapaViewController.h */,
				BFC8720E196B29A40007D662 /* VistaMapaViewController.m */,
				BFB6759A1974166E00567854 /* Busqueda.h */,
				BFB6759B1974166E00567854 /* Busqueda.m */,
				BFB6759D197418A100567854 /* Enums.h */,
				BFB6759E197418A100567854 /* Enums.m */,
				CC15FF83197EC8660030A289 /* CeldaPropiedadViewCell.h */,
				CC15FF84197EC8660030A289 /* CeldaPropiedadViewCell.m */,
			);
			path = MapTest;
			sourceTree = "<group>";
		};
		CC15FF86197FE2400030A289 /* Libs */ = {
			isa = PBXGroup;
			children = (
				CC15FF87197FE2630030A289 /* AFNetworking */,
				CC15FF9B197FE2630030A289 /* UIKit+AFNetworking */,
			);
			name = Libs;
			sourceTree = "<group>";
		};
		CC15FF87197FE2630030A289 /* AFNetworking */ = {
			isa = PBXGroup;
			children = (
				CC15FF88197FE2630030A289 /* AFHTTPRequestOperation.h */,
				CC15FF89197FE2630030A289 /* AFHTTPRequestOperation.m */,
				CC15FF8A197FE2630030A289 /* AFHTTPRequestOperationManager.h */,
				CC15FF8B197FE2630030A289 /* AFHTTPRequestOperationManager.m */,
				CC15FF8C197FE2630030A289 /* AFHTTPSessionManager.h */,
				CC15FF8D197FE2630030A289 /* AFHTTPSessionManager.m */,
				CC15FF8E197FE2630030A289 /* AFNetworking.h */,
				CC15FF8F197FE2630030A289 /* AFNetworkReachabilityManager.h */,
				CC15FF90197FE2630030A289 /* AFNetworkReachabilityManager.m */,
				CC15FF91197FE2630030A289 /* AFSecurityPolicy.h */,
				CC15FF92197FE2630030A289 /* AFSecurityPolicy.m */,
				CC15FF93197FE2630030A289 /* AFURLConnectionOperation.h */,
				CC15FF94197FE2630030A289 /* AFURLConnectionOperation.m */,
				CC15FF95197FE2630030A289 /* AFURLRequestSerialization.h */,
				CC15FF96197FE2630030A289 /* AFURLRequestSerialization.m */,
				CC15FF97197FE2630030A289 /* AFURLResponseSerialization.h */,
				CC15FF98197FE2630030A289 /* AFURLResponseSerialization.m */,
				CC15FF99197FE2630030A289 /* AFURLSessionManager.h */,
				CC15FF9A197FE2630030A289 /* AFURLSessionManager.m */,
			);
			path = AFNetworking;
			sourceTree = "<group>";
		};
		CC15FF9B197FE2630030A289 /* UIKit+AFNetworking */ = {
			isa = PBXGroup;
			children = (
				CC15FF9C197FE2630030A289 /* AFNetworkActivityIndicatorManager.h */,
				CC15FF9D197FE2630030A289 /* AFNetworkActivityIndicatorManager.m */,
				CC15FF9E197FE2630030A289 /* UIActivityIndicatorView+AFNetworking.h */,
				CC15FF9F197FE2630030A289 /* UIActivityIndicatorView+AFNetworking.m */,
				CC15FFA0197FE2630030A289 /* UIAlertView+AFNetworking.h */,
				CC15FFA1197FE2630030A289 /* UIAlertView+AFNetworking.m */,
				CC15FFA2197FE2630030A289 /* UIButton+AFNetworking.h */,
				CC15FFA3197FE2630030A289 /* UIButton+AFNetworking.m */,
				CC15FFA4197FE2630030A289 /* UIImageView+AFNetworking.h */,
				CC15FFA5197FE2630030A289 /* UIImageView+AFNetworking.m */,
				CC15FFA6197FE2630030A289 /* UIKit+AFNetworking.h */,
				CC15FFA7197FE2630030A289 /* UIProgressView+AFNetworking.h */,
				CC15FFA8197FE2630030A289 /* UIProgressView+AFNetworking.m */,
				CC15FFA9197FE2630030A289 /* UIRefreshControl+AFNetworking.h */,
				CC15FFAA197FE2630030A289 /* UIRefreshControl+AFNetworking.m */,
				CC15FFAB197FE2630030A289 /* UIWebView+AFNetworking.h */,
				CC15FFAC197FE2630030A289 /* UIWebView+AFNetworking.m */,
			);
			path = "UIKit+AFNetworking";
			sourceTree = "<group>";
		};
		CC15FFBE197FE4320030A289 /* Assets */ = {
			isa = PBXGroup;
			children = (
				CC15FFBF197FE4870030A289 /* img */,
			);
			name = Assets;
			sourceTree = "<group>";
		};
		CC15FFBF197FE4870030A289 /* img */ = {
			isa = PBXGroup;
			children = (
				BFB700F91981B00C0069E8E1 /* iconoUp.png */,
				BFB700FA1981B00C0069E8E1 /* iconoUp2x.png */,
				BFB700F11981AF2E0069E8E1 /* iconoDown.png */,
				BFB700F21981AF2E0069E8E1 /* iconoDown2x.png */,
				CC15FFC4197FF28B0030A289 /* home-gradient.png */,
				CC15FFC2197FE8CE0030A289 /* Transparent_Gradient.png */,
				CC15FFC0197FE4A30030A289 /* gradient.png */,
			);
			name = img;
			sourceTree = "<group>";
		};
/* End PBXGroup section */

/* Begin PBXNativeTarget section */
		BF6FF5AE195088DF001905AC /* MapTest */ = {
			isa = PBXNativeTarget;
			buildConfigurationList = BF6FF5E1195088DF001905AC /* Build configuration list for PBXNativeTarget "MapTest" */;
			buildPhases = (
				BF6FF5AB195088DF001905AC /* Sources */,
				BF6FF5AC195088DF001905AC /* Frameworks */,
				BF6FF5AD195088DF001905AC /* Resources */,
			);
			buildRules = (
			);
			dependencies = (
			);
			name = MapTest;
			productName = MapTest;
			productReference = BF6FF5AF195088DF001905AC /* MapTest.app */;
			productType = "com.apple.product-type.application";
		};
		BF6FF5CF195088DF001905AC /* MapTestTests */ = {
			isa = PBXNativeTarget;
			buildConfigurationList = BF6FF5E4195088DF001905AC /* Build configuration list for PBXNativeTarget "MapTestTests" */;
			buildPhases = (
				BF6FF5CC195088DF001905AC /* Sources */,
				BF6FF5CD195088DF001905AC /* Frameworks */,
				BF6FF5CE195088DF001905AC /* Resources */,
			);
			buildRules = (
			);
			dependencies = (
				BF6FF5D6195088DF001905AC /* PBXTargetDependency */,
			);
			name = MapTestTests;
			productName = MapTestTests;
			productReference = BF6FF5D0195088DF001905AC /* MapTestTests.xctest */;
			productType = "com.apple.product-type.bundle.unit-test";
		};
/* End PBXNativeTarget section */

/* Begin PBXProject section */
		BF6FF5A7195088DF001905AC /* Project object */ = {
			isa = PBXProject;
			attributes = {
				CLASSPREFIX = MapTest;
				LastUpgradeCheck = 0510;
				ORGANIZATIONNAME = Chirimoyos;
				TargetAttributes = {
					BF6FF5CF195088DF001905AC = {
						TestTargetID = BF6FF5AE195088DF001905AC;
					};
				};
			};
			buildConfigurationList = BF6FF5AA195088DF001905AC /* Build configuration list for PBXProject "MapTest" */;
			compatibilityVersion = "Xcode 3.2";
			developmentRegion = English;
			hasScannedForEncodings = 0;
			knownRegions = (
				en,
				Base,
			);
			mainGroup = BF6FF5A6195088DF001905AC;
			productRefGroup = BF6FF5B0195088DF001905AC /* Products */;
			projectDirPath = "";
			projectRoot = "";
			targets = (
				BF6FF5AE195088DF001905AC /* MapTest */,
				BF6FF5CF195088DF001905AC /* MapTestTests */,
			);
		};
/* End PBXProject section */

/* Begin PBXResourcesBuildPhase section */
		BF6FF5AD195088DF001905AC /* Resources */ = {
			isa = PBXResourcesBuildPhase;
			buildActionMask = 2147483647;
			files = (
				BF6FF5EA1950897A001905AC /* GoogleMaps.bundle in Resources */,
				BFC87241196B2E660007D662 /* Assets in Resources */,
				CC15FFC5197FF28B0030A289 /* home-gradient.png in Resources */,
				BFC87213196B29A40007D662 /* InfoPlist.strings in Resources */,
				BFB700F51981AF2E0069E8E1 /* iconoDown.png in Resources */,
				BFC87218196B29A40007D662 /* Images.xcassets in Resources */,
				BFB700F61981AF2E0069E8E1 /* iconoDown2x.png in Resources */,
				BFC8720F196B29A40007D662 /* Main.storyboard in Resources */,
				CC15FFC1197FE4A30030A289 /* gradient.png in Resources */,
				CC15FFC3197FE8CE0030A289 /* Transparent_Gradient.png in Resources */,
				CC15FFC719800B8D0030A289 /* santiago.gpx in Resources */,
				BFB700FC1981B00C0069E8E1 /* iconoUp2x.png in Resources */,
				BFB700FB1981B00C0069E8E1 /* iconoUp.png in Resources */,
				BFC8721C196B29A40007D662 /* MapTest-Info.plist in Resources */,
				BFA8A9B019701AF600DFCAC1 /* imagenNoDisponible.jpg in Resources */,
			);
			runOnlyForDeploymentPostprocessing = 0;
		};
		BF6FF5CE195088DF001905AC /* Resources */ = {
			isa = PBXResourcesBuildPhase;
			buildActionMask = 2147483647;
			files = (
				BF6FF5DC195088DF001905AC /* InfoPlist.strings in Resources */,
			);
			runOnlyForDeploymentPostprocessing = 0;
		};
/* End PBXResourcesBuildPhase section */

/* Begin PBXSourcesBuildPhase section */
		BF6FF5AB195088DF001905AC /* Sources */ = {
			isa = PBXSourcesBuildPhase;
			buildActionMask = 2147483647;
			files = (
				CC15FFAD197FE2630030A289 /* AFHTTPRequestOperation.m in Sources */,
				BFC87221196B29A40007D662 /* PropMeli.m in Sources */,
				BFC87224196B29A40007D662 /* VistaMapaViewController.m in Sources */,
				BFC87219196B29A40007D662 /* ListadoPropiedadesViewController.m in Sources */,
				BFB6759C1974166E00567854 /* Busqueda.m in Sources */,
				CC15FFB6197FE2630030A289 /* AFNetworkActivityIndicatorManager.m in Sources */,
				CC15FFB5197FE2630030A289 /* AFURLSessionManager.m in Sources */,
				CC15FFAF197FE2630030A289 /* AFHTTPSessionManager.m in Sources */,
				BFC87223196B29A40007D662 /* UnidadGeografica.m in Sources */,
				CC15FFB0197FE2630030A289 /* AFNetworkReachabilityManager.m in Sources */,
				BFB6759F197418A100567854 /* Enums.m in Sources */,
				CC15FFBA197FE2630030A289 /* UIImageView+AFNetworking.m in Sources */,
				CC15FFBB197FE2630030A289 /* UIProgressView+AFNetworking.m in Sources */,
				CC15FFB4197FE2630030A289 /* AFURLResponseSerialization.m in Sources */,
				CC15FFBC197FE2630030A289 /* UIRefreshControl+AFNetworking.m in Sources */,
				CC15FFB3197FE2630030A289 /* AFURLRequestSerialization.m in Sources */,
				CC15FFB2197FE2630030A289 /* AFURLConnectionOperation.m in Sources */,
				CC15FFB9197FE2630030A289 /* UIButton+AFNetworking.m in Sources */,
				CC15FFB7197FE2630030A289 /* UIActivityIndicatorView+AFNetworking.m in Sources */,
				CC15FFAE197FE2630030A289 /* AFHTTPRequestOperationManager.m in Sources */,
				BFC87253196C84650007D662 /* AlphaGradientView.m in Sources */,
				CC15FF85197EC8660030A289 /* CeldaPropiedadViewCell.m in Sources */,
				CC15FFB1197FE2630030A289 /* AFSecurityPolicy.m in Sources */,
				BFC8721D196B29A40007D662 /* MapTestAppDelegate.m in Sources */,
				CC15FFBD197FE2630030A289 /* UIWebView+AFNetworking.m in Sources */,
				BFC8723F196B2BC20007D662 /* main.m in Sources */,
				BFC8721E196B29A40007D662 /* MapTestViewController.m in Sources */,
				CC15FFB8197FE2630030A289 /* UIAlertView+AFNetworking.m in Sources */,
			);
			runOnlyForDeploymentPostprocessing = 0;
		};
		BF6FF5CC195088DF001905AC /* Sources */ = {
			isa = PBXSourcesBuildPhase;
			buildActionMask = 2147483647;
			files = (
				BF6FF5DE195088DF001905AC /* MapTestTests.m in Sources */,
			);
			runOnlyForDeploymentPostprocessing = 0;
		};
/* End PBXSourcesBuildPhase section */

/* Begin PBXTargetDependency section */
		BF6FF5D6195088DF001905AC /* PBXTargetDependency */ = {
			isa = PBXTargetDependency;
			target = BF6FF5AE195088DF001905AC /* MapTest */;
			targetProxy = BF6FF5D5195088DF001905AC /* PBXContainerItemProxy */;
		};
/* End PBXTargetDependency section */

/* Begin PBXVariantGroup section */
		BF6FF5DA195088DF001905AC /* InfoPlist.strings */ = {
			isa = PBXVariantGroup;
			children = (
				BF6FF5DB195088DF001905AC /* en */,
			);
			name = InfoPlist.strings;
			sourceTree = "<group>";
		};
		BFC871EF196B29A40007D662 /* Main.storyboard */ = {
			isa = PBXVariantGroup;
			children = (
				BFC871F0196B29A40007D662 /* Base */,
			);
			name = Main.storyboard;
			sourceTree = "<group>";
		};
		BFC871F4196B29A40007D662 /* InfoPlist.strings */ = {
			isa = PBXVariantGroup;
			children = (
				BFC871F5196B29A40007D662 /* en */,
			);
			name = InfoPlist.strings;
			sourceTree = "<group>";
		};
/* End PBXVariantGroup section */

/* Begin XCBuildConfiguration section */
		BF6FF5DF195088DF001905AC /* Debug */ = {
			isa = XCBuildConfiguration;
			buildSettings = {
				ALWAYS_SEARCH_USER_PATHS = NO;
				CLANG_CXX_LANGUAGE_STANDARD = "gnu++0x";
				CLANG_CXX_LIBRARY = "libc++";
				CLANG_ENABLE_MODULES = YES;
				CLANG_ENABLE_OBJC_ARC = YES;
				CLANG_WARN_BOOL_CONVERSION = YES;
				CLANG_WARN_CONSTANT_CONVERSION = YES;
				CLANG_WARN_DIRECT_OBJC_ISA_USAGE = YES_ERROR;
				CLANG_WARN_EMPTY_BODY = YES;
				CLANG_WARN_ENUM_CONVERSION = YES;
				CLANG_WARN_INT_CONVERSION = YES;
				CLANG_WARN_OBJC_ROOT_CLASS = YES_ERROR;
				CLANG_WARN__DUPLICATE_METHOD_MATCH = YES;
				"CODE_SIGN_IDENTITY[sdk=iphoneos*]" = "iPhone Developer";
				COPY_PHASE_STRIP = NO;
				GCC_C_LANGUAGE_STANDARD = gnu99;
				GCC_DYNAMIC_NO_PIC = NO;
				GCC_OPTIMIZATION_LEVEL = 0;
				GCC_PREPROCESSOR_DEFINITIONS = (
					"DEBUG=1",
					"$(inherited)",
				);
				GCC_SYMBOLS_PRIVATE_EXTERN = NO;
				GCC_WARN_64_TO_32_BIT_CONVERSION = YES;
				GCC_WARN_ABOUT_RETURN_TYPE = YES_ERROR;
				GCC_WARN_UNDECLARED_SELECTOR = YES;
				GCC_WARN_UNINITIALIZED_AUTOS = YES_AGGRESSIVE;
				GCC_WARN_UNUSED_FUNCTION = YES;
				GCC_WARN_UNUSED_VARIABLE = YES;
				IPHONEOS_DEPLOYMENT_TARGET = 7.1;
				ONLY_ACTIVE_ARCH = YES;
				"OTHER_LDFLAGS[arch=*]" = "-ObjC";
				SDKROOT = iphoneos;
			};
			name = Debug;
		};
		BF6FF5E0195088DF001905AC /* Release */ = {
			isa = XCBuildConfiguration;
			buildSettings = {
				ALWAYS_SEARCH_USER_PATHS = NO;
				CLANG_CXX_LANGUAGE_STANDARD = "gnu++0x";
				CLANG_CXX_LIBRARY = "libc++";
				CLANG_ENABLE_MODULES = YES;
				CLANG_ENABLE_OBJC_ARC = YES;
				CLANG_WARN_BOOL_CONVERSION = YES;
				CLANG_WARN_CONSTANT_CONVERSION = YES;
				CLANG_WARN_DIRECT_OBJC_ISA_USAGE = YES_ERROR;
				CLANG_WARN_EMPTY_BODY = YES;
				CLANG_WARN_ENUM_CONVERSION = YES;
				CLANG_WARN_INT_CONVERSION = YES;
				CLANG_WARN_OBJC_ROOT_CLASS = YES_ERROR;
				CLANG_WARN__DUPLICATE_METHOD_MATCH = YES;
				"CODE_SIGN_IDENTITY[sdk=iphoneos*]" = "iPhone Developer";
				COPY_PHASE_STRIP = YES;
				ENABLE_NS_ASSERTIONS = NO;
				GCC_C_LANGUAGE_STANDARD = gnu99;
				GCC_WARN_64_TO_32_BIT_CONVERSION = YES;
				GCC_WARN_ABOUT_RETURN_TYPE = YES_ERROR;
				GCC_WARN_UNDECLARED_SELECTOR = YES;
				GCC_WARN_UNINITIALIZED_AUTOS = YES_AGGRESSIVE;
				GCC_WARN_UNUSED_FUNCTION = YES;
				GCC_WARN_UNUSED_VARIABLE = YES;
				IPHONEOS_DEPLOYMENT_TARGET = 7.1;
				"PROVISIONING_PROFILE[sdk=*]" = "MapTest dev";
				SDKROOT = iphoneos;
				VALIDATE_PRODUCT = YES;
			};
			name = Release;
		};
		BF6FF5E2195088DF001905AC /* Debug */ = {
			isa = XCBuildConfiguration;
			buildSettings = {
				ASSETCATALOG_COMPILER_APPICON_NAME = AppIcon;
				ASSETCATALOG_COMPILER_LAUNCHIMAGE_NAME = LaunchImage;
				FRAMEWORK_SEARCH_PATHS = (
					"$(inherited)",
					"$(PROJECT_DIR)",
				);
				GCC_PRECOMPILE_PREFIX_HEADER = YES;
				GCC_PREFIX_HEADER = "MapTest/MapTest-Prefix.pch";
				INFOPLIST_FILE = "MapTest/MapTest-Info.plist";
				PRODUCT_NAME = "$(TARGET_NAME)";
				WRAPPER_EXTENSION = app;
			};
			name = Debug;
		};
		BF6FF5E3195088DF001905AC /* Release */ = {
			isa = XCBuildConfiguration;
			buildSettings = {
				ASSETCATALOG_COMPILER_APPICON_NAME = AppIcon;
				ASSETCATALOG_COMPILER_LAUNCHIMAGE_NAME = LaunchImage;
				FRAMEWORK_SEARCH_PATHS = (
					"$(inherited)",
					"$(PROJECT_DIR)",
				);
				GCC_PRECOMPILE_PREFIX_HEADER = YES;
				GCC_PREFIX_HEADER = "MapTest/MapTest-Prefix.pch";
				INFOPLIST_FILE = "MapTest/MapTest-Info.plist";
				PRODUCT_NAME = "$(TARGET_NAME)";
				WRAPPER_EXTENSION = app;
			};
			name = Release;
		};
		BF6FF5E5195088DF001905AC /* Debug */ = {
			isa = XCBuildConfiguration;
			buildSettings = {
				BUNDLE_LOADER = "$(BUILT_PRODUCTS_DIR)/MapTest.app/MapTest";
				FRAMEWORK_SEARCH_PATHS = (
					"$(SDKROOT)/Developer/Library/Frameworks",
					"$(inherited)",
					"$(DEVELOPER_FRAMEWORKS_DIR)",
				);
				GCC_PRECOMPILE_PREFIX_HEADER = YES;
				GCC_PREFIX_HEADER = "MapTest/MapTest-Prefix.pch";
				GCC_PREPROCESSOR_DEFINITIONS = (
					"DEBUG=1",
					"$(inherited)",
				);
				INFOPLIST_FILE = "MapTestTests/MapTestTests-Info.plist";
				PRODUCT_NAME = "$(TARGET_NAME)";
				TEST_HOST = "$(BUNDLE_LOADER)";
				WRAPPER_EXTENSION = xctest;
			};
			name = Debug;
		};
		BF6FF5E6195088DF001905AC /* Release */ = {
			isa = XCBuildConfiguration;
			buildSettings = {
				BUNDLE_LOADER = "$(BUILT_PRODUCTS_DIR)/MapTest.app/MapTest";
				FRAMEWORK_SEARCH_PATHS = (
					"$(SDKROOT)/Developer/Library/Frameworks",
					"$(inherited)",
					"$(DEVELOPER_FRAMEWORKS_DIR)",
				);
				GCC_PRECOMPILE_PREFIX_HEADER = YES;
				GCC_PREFIX_HEADER = "MapTest/MapTest-Prefix.pch";
				INFOPLIST_FILE = "MapTestTests/MapTestTests-Info.plist";
				PRODUCT_NAME = "$(TARGET_NAME)";
				TEST_HOST = "$(BUNDLE_LOADER)";
				WRAPPER_EXTENSION = xctest;
			};
			name = Release;
		};
/* End XCBuildConfiguration section */

/* Begin XCConfigurationList section */
		BF6FF5AA195088DF001905AC /* Build configuration list for PBXProject "MapTest" */ = {
			isa = XCConfigurationList;
			buildConfigurations = (
				BF6FF5DF195088DF001905AC /* Debug */,
				BF6FF5E0195088DF001905AC /* Release */,
			);
			defaultConfigurationIsVisible = 0;
			defaultConfigurationName = Release;
		};
		BF6FF5E1195088DF001905AC /* Build configuration list for PBXNativeTarget "MapTest" */ = {
			isa = XCConfigurationList;
			buildConfigurations = (
				BF6FF5E2195088DF001905AC /* Debug */,
				BF6FF5E3195088DF001905AC /* Release */,
			);
			defaultConfigurationIsVisible = 0;
			defaultConfigurationName = Release;
		};
		BF6FF5E4195088DF001905AC /* Build configuration list for PBXNativeTarget "MapTestTests" */ = {
			isa = XCConfigurationList;
			buildConfigurations = (
				BF6FF5E5195088DF001905AC /* Debug */,
				BF6FF5E6195088DF001905AC /* Release */,
			);
			defaultConfigurationIsVisible = 0;
			defaultConfigurationName = Release;
		};
/* End XCConfigurationList section */
	};
	rootObject = BF6FF5A7195088DF001905AC /* Project object */;
}
